// !$*UTF8*$!
{
	archiveVersion = 1;
	classes = {
	};
	objectVersion = 55;
	objects = {

/* Begin PBXBuildFile section */
		4D2E7AA327FA6EF70014B886 /* SwiftUICombineAndDataApp.swift in Sources */ = {isa = PBXBuildFile; fileRef = 4D2E7AA227FA6EF70014B886 /* SwiftUICombineAndDataApp.swift */; };
		4D2E7AA527FA6EF70014B886 /* ContentView.swift in Sources */ = {isa = PBXBuildFile; fileRef = 4D2E7AA427FA6EF70014B886 /* ContentView.swift */; };
		4D2E7AA727FA6EF90014B886 /* Assets.xcassets in Resources */ = {isa = PBXBuildFile; fileRef = 4D2E7AA627FA6EF90014B886 /* Assets.xcassets */; };
		4D2E7AAA27FA6EF90014B886 /* Preview Assets.xcassets in Resources */ = {isa = PBXBuildFile; fileRef = 4D2E7AA927FA6EF90014B886 /* Preview Assets.xcassets */; };
		4DACB606283A4EB0001BB633 /* Package.swift in Sources */ = {isa = PBXBuildFile; fileRef = 4DACB605283A4EB0001BB633 /* Package.swift */; };
		4DACB608283A5073001BB633 /* PackageRow.swift in Sources */ = {isa = PBXBuildFile; fileRef = 4DACB607283A5073001BB633 /* PackageRow.swift */; };
		4DB20D9127FA70D800579A56 /* AccountBackground.swift in Sources */ = {isa = PBXBuildFile; fileRef = 4DB20D8F27FA70D700579A56 /* AccountBackground.swift */; };
		4DB20D9227FA70D800579A56 /* VisualEffectBlur.swift in Sources */ = {isa = PBXBuildFile; fileRef = 4DB20D9027FA70D800579A56 /* VisualEffectBlur.swift */; };
		4DB20D9627FA72BB00579A56 /* TrackableScrollView.swift in Sources */ = {isa = PBXBuildFile; fileRef = 4DB20D9527FA72BA00579A56 /* TrackableScrollView.swift */; };
		4DB682222830D2EA00474C32 /* MenuRow.swift in Sources */ = {isa = PBXBuildFile; fileRef = 4DB682212830D2EA00474C32 /* MenuRow.swift */; };
		4DB682242830DA4700474C32 /* GradientIcon.swift in Sources */ = {isa = PBXBuildFile; fileRef = 4DB682232830DA4700474C32 /* GradientIcon.swift */; };
		4DB682262830E26600474C32 /* FAQView.swift in Sources */ = {isa = PBXBuildFile; fileRef = 4DB682252830E26600474C32 /* FAQView.swift */; };
		4DB682282830E27600474C32 /* PackagesView.swift in Sources */ = {isa = PBXBuildFile; fileRef = 4DB682272830E27600474C32 /* PackagesView.swift */; };
/* End PBXBuildFile section */

/* Begin PBXFileReference section */
		4D2E7A9F27FA6EF70014B886 /* SwiftUICombineAndData.app */ = {isa = PBXFileReference; explicitFileType = wrapper.application; includeInIndex = 0; path = SwiftUICombineAndData.app; sourceTree = BUILT_PRODUCTS_DIR; };
		4D2E7AA227FA6EF70014B886 /* SwiftUICombineAndDataApp.swift */ = {isa = PBXFileReference; lastKnownFileType = sourcecode.swift; path = SwiftUICombineAndDataApp.swift; sourceTree = "<group>"; };
		4D2E7AA427FA6EF70014B886 /* ContentView.swift */ = {isa = PBXFileReference; lastKnownFileType = sourcecode.swift; path = ContentView.swift; sourceTree = "<group>"; };
		4D2E7AA627FA6EF90014B886 /* Assets.xcassets */ = {isa = PBXFileReference; lastKnownFileType = folder.assetcatalog; path = Assets.xcassets; sourceTree = "<group>"; };
		4D2E7AA927FA6EF90014B886 /* Preview Assets.xcassets */ = {isa = PBXFileReference; lastKnownFileType = folder.assetcatalog; path = "Preview Assets.xcassets"; sourceTree = "<group>"; };
		4DACB605283A4EB0001BB633 /* Package.swift */ = {isa = PBXFileReference; lastKnownFileType = sourcecode.swift; path = Package.swift; sourceTree = "<group>"; };
		4DACB607283A5073001BB633 /* PackageRow.swift */ = {isa = PBXFileReference; lastKnownFileType = sourcecode.swift; path = PackageRow.swift; sourceTree = "<group>"; };
		4DB20D8F27FA70D700579A56 /* AccountBackground.swift */ = {isa = PBXFileReference; fileEncoding = 4; lastKnownFileType = sourcecode.swift; path = AccountBackground.swift; sourceTree = "<group>"; };
		4DB20D9027FA70D800579A56 /* VisualEffectBlur.swift */ = {isa = PBXFileReference; fileEncoding = 4; lastKnownFileType = sourcecode.swift; path = VisualEffectBlur.swift; sourceTree = "<group>"; };
		4DB20D9527FA72BA00579A56 /* TrackableScrollView.swift */ = {isa = PBXFileReference; lastKnownFileType = sourcecode.swift; path = TrackableScrollView.swift; sourceTree = "<group>"; };
		4DB682212830D2EA00474C32 /* MenuRow.swift */ = {isa = PBXFileReference; lastKnownFileType = sourcecode.swift; path = MenuRow.swift; sourceTree = "<group>"; };
		4DB682232830DA4700474C32 /* GradientIcon.swift */ = {isa = PBXFileReference; lastKnownFileType = sourcecode.swift; path = GradientIcon.swift; sourceTree = "<group>"; };
		4DB682252830E26600474C32 /* FAQView.swift */ = {isa = PBXFileReference; lastKnownFileType = sourcecode.swift; path = FAQView.swift; sourceTree = "<group>"; };
		4DB682272830E27600474C32 /* PackagesView.swift */ = {isa = PBXFileReference; lastKnownFileType = sourcecode.swift; path = PackagesView.swift; sourceTree = "<group>"; };
/* End PBXFileReference section */

/* Begin PBXFrameworksBuildPhase section */
		4D2E7A9C27FA6EF70014B886 /* Frameworks */ = {
			isa = PBXFrameworksBuildPhase;
			buildActionMask = 2147483647;
			files = (
			);
			runOnlyForDeploymentPostprocessing = 0;
		};
/* End PBXFrameworksBuildPhase section */

/* Begin PBXGroup section */
		4D2E7A9627FA6EF70014B886 = {
			isa = PBXGroup;
			children = (
				4D2E7AA127FA6EF70014B886 /* SwiftUICombineAndData */,
				4D2E7AA027FA6EF70014B886 /* Products */,
			);
			sourceTree = "<group>";
		};
		4D2E7AA027FA6EF70014B886 /* Products */ = {
			isa = PBXGroup;
			children = (
				4D2E7A9F27FA6EF70014B886 /* SwiftUICombineAndData.app */,
			);
			name = Products;
			sourceTree = "<group>";
		};
		4D2E7AA127FA6EF70014B886 /* SwiftUICombineAndData */ = {
			isa = PBXGroup;
			children = (
				4DACB604283A4E9D001BB633 /* Models */,
				4DB6822D2830E2D800474C32 /* Components */,
				4DB6822C2830E2C400474C32 /* Utils */,
				4DB682292830E28C00474C32 /* Views */,
				4D2E7AA227FA6EF70014B886 /* SwiftUICombineAndDataApp.swift */,
				4D2E7AA427FA6EF70014B886 /* ContentView.swift */,
				4DB20D8E27FA70BE00579A56 /* Graphics */,
				4D2E7AA627FA6EF90014B886 /* Assets.xcassets */,
				4D2E7AA827FA6EF90014B886 /* Preview Content */,
			);
			path = SwiftUICombineAndData;
			sourceTree = "<group>";
		};
		4D2E7AA827FA6EF90014B886 /* Preview Content */ = {
			isa = PBXGroup;
			children = (
				4D2E7AA927FA6EF90014B886 /* Preview Assets.xcassets */,
			);
			path = "Preview Content";
			sourceTree = "<group>";
		};
		4DACB604283A4E9D001BB633 /* Models */ = {
			isa = PBXGroup;
			children = (
				4DACB605283A4EB0001BB633 /* Package.swift */,
			);
			path = Models;
			sourceTree = "<group>";
		};
		4DB20D8E27FA70BE00579A56 /* Graphics */ = {
			isa = PBXGroup;
			children = (
				4DB20D8F27FA70D700579A56 /* AccountBackground.swift */,
				4DB20D9027FA70D800579A56 /* VisualEffectBlur.swift */,
			);
			path = Graphics;
			sourceTree = "<group>";
		};
		4DB682292830E28C00474C32 /* Views */ = {
			isa = PBXGroup;
			children = (
				4DB682252830E26600474C32 /* FAQView.swift */,
				4DB682272830E27600474C32 /* PackagesView.swift */,
			);
			path = Views;
			sourceTree = "<group>";
		};
		4DB6822A2830E2A200474C32 /* Rows */ = {
			isa = PBXGroup;
			children = (
				4DB682212830D2EA00474C32 /* MenuRow.swift */,
				4DACB607283A5073001BB633 /* PackageRow.swift */,
			);
			path = Rows;
			sourceTree = "<group>";
		};
		4DB6822B2830E2AC00474C32 /* Other */ = {
			isa = PBXGroup;
			children = (
				4DB682232830DA4700474C32 /* GradientIcon.swift */,
			);
			path = Other;
			sourceTree = "<group>";
		};
		4DB6822C2830E2C400474C32 /* Utils */ = {
			isa = PBXGroup;
			children = (
				4DB20D9527FA72BA00579A56 /* TrackableScrollView.swift */,
			);
			path = Utils;
			sourceTree = "<group>";
		};
		4DB6822D2830E2D800474C32 /* Components */ = {
			isa = PBXGroup;
			children = (
				4DB6822B2830E2AC00474C32 /* Other */,
				4DB6822A2830E2A200474C32 /* Rows */,
			);
			path = Components;
			sourceTree = "<group>";
		};
/* End PBXGroup section */

/* Begin PBXNativeTarget section */
		4D2E7A9E27FA6EF70014B886 /* SwiftUICombineAndData */ = {
			isa = PBXNativeTarget;
			buildConfigurationList = 4D2E7AAD27FA6EF90014B886 /* Build configuration list for PBXNativeTarget "SwiftUICombineAndData" */;
			buildPhases = (
				4D2E7A9B27FA6EF70014B886 /* Sources */,
				4D2E7A9C27FA6EF70014B886 /* Frameworks */,
				4D2E7A9D27FA6EF70014B886 /* Resources */,
			);
			buildRules = (
			);
			dependencies = (
			);
			name = SwiftUICombineAndData;
			productName = SwiftUICombineAndData;
			productReference = 4D2E7A9F27FA6EF70014B886 /* SwiftUICombineAndData.app */;
			productType = "com.apple.product-type.application";
		};
/* End PBXNativeTarget section */

/* Begin PBXProject section */
		4D2E7A9727FA6EF70014B886 /* Project object */ = {
			isa = PBXProject;
			attributes = {
				BuildIndependentTargetsInParallel = 1;
				LastSwiftUpdateCheck = 1330;
				LastUpgradeCheck = 1330;
				TargetAttributes = {
					4D2E7A9E27FA6EF70014B886 = {
						CreatedOnToolsVersion = 13.3;
					};
				};
			};
			buildConfigurationList = 4D2E7A9A27FA6EF70014B886 /* Build configuration list for PBXProject "SwiftUICombineAndData" */;
			compatibilityVersion = "Xcode 13.0";
			developmentRegion = en;
			hasScannedForEncodings = 0;
			knownRegions = (
				en,
				Base,
			);
			mainGroup = 4D2E7A9627FA6EF70014B886;
			productRefGroup = 4D2E7AA027FA6EF70014B886 /* Products */;
			projectDirPath = "";
			projectRoot = "";
			targets = (
				4D2E7A9E27FA6EF70014B886 /* SwiftUICombineAndData */,
			);
		};
/* End PBXProject section */

/* Begin PBXResourcesBuildPhase section */
		4D2E7A9D27FA6EF70014B886 /* Resources */ = {
			isa = PBXResourcesBuildPhase;
			buildActionMask = 2147483647;
			files = (
				4D2E7AAA27FA6EF90014B886 /* Preview Assets.xcassets in Resources */,
				4D2E7AA727FA6EF90014B886 /* Assets.xcassets in Resources */,
			);
			runOnlyForDeploymentPostprocessing = 0;
		};
/* End PBXResourcesBuildPhase section */

/* Begin PBXSourcesBuildPhase section */
		4D2E7A9B27FA6EF70014B886 /* Sources */ = {
			isa = PBXSourcesBuildPhase;
			buildActionMask = 2147483647;
			files = (
				4D2E7AA527FA6EF70014B886 /* ContentView.swift in Sources */,
				4DB20D9627FA72BB00579A56 /* TrackableScrollView.swift in Sources */,
				4DB20D9127FA70D800579A56 /* AccountBackground.swift in Sources */,
				4DACB608283A5073001BB633 /* PackageRow.swift in Sources */,
				4DB682262830E26600474C32 /* FAQView.swift in Sources */,
				4DB682282830E27600474C32 /* PackagesView.swift in Sources */,
				4DB682242830DA4700474C32 /* GradientIcon.swift in Sources */,
				4DACB606283A4EB0001BB633 /* Package.swift in Sources */,
				4D2E7AA327FA6EF70014B886 /* SwiftUICombineAndDataApp.swift in Sources */,
				4DB20D9227FA70D800579A56 /* VisualEffectBlur.swift in Sources */,
				4DB682222830D2EA00474C32 /* MenuRow.swift in Sources */,
			);
			runOnlyForDeploymentPostprocessing = 0;
		};
/* End PBXSourcesBuildPhase section */

/* Begin XCBuildConfiguration section */
		4D2E7AAB27FA6EF90014B886 /* Debug */ = {
			isa = XCBuildConfiguration;
			buildSettings = {
				ALWAYS_SEARCH_USER_PATHS = NO;
				CLANG_ANALYZER_NONNULL = YES;
				CLANG_ANALYZER_NUMBER_OBJECT_CONVERSION = YES_AGGRESSIVE;
				CLANG_CXX_LANGUAGE_STANDARD = "gnu++17";
				CLANG_ENABLE_MODULES = YES;
				CLANG_ENABLE_OBJC_ARC = YES;
				CLANG_ENABLE_OBJC_WEAK = YES;
				CLANG_WARN_BLOCK_CAPTURE_AUTORELEASING = YES;
				CLANG_WARN_BOOL_CONVERSION = YES;
				CLANG_WARN_COMMA = YES;
				CLANG_WARN_CONSTANT_CONVERSION = YES;
				CLANG_WARN_DEPRECATED_OBJC_IMPLEMENTATIONS = YES;
				CLANG_WARN_DIRECT_OBJC_ISA_USAGE = YES_ERROR;
				CLANG_WARN_DOCUMENTATION_COMMENTS = YES;
				CLANG_WARN_EMPTY_BODY = YES;
				CLANG_WARN_ENUM_CONVERSION = YES;
				CLANG_WARN_INFINITE_RECURSION = YES;
				CLANG_WARN_INT_CONVERSION = YES;
				CLANG_WARN_NON_LITERAL_NULL_CONVERSION = YES;
				CLANG_WARN_OBJC_IMPLICIT_RETAIN_SELF = YES;
				CLANG_WARN_OBJC_LITERAL_CONVERSION = YES;
				CLANG_WARN_OBJC_ROOT_CLASS = YES_ERROR;
				CLANG_WARN_QUOTED_INCLUDE_IN_FRAMEWORK_HEADER = YES;
				CLANG_WARN_RANGE_LOOP_ANALYSIS = YES;
				CLANG_WARN_STRICT_PROTOTYPES = YES;
				CLANG_WARN_SUSPICIOUS_MOVE = YES;
				CLANG_WARN_UNGUARDED_AVAILABILITY = YES_AGGRESSIVE;
				CLANG_WARN_UNREACHABLE_CODE = YES;
				CLANG_WARN__DUPLICATE_METHOD_MATCH = YES;
				COPY_PHASE_STRIP = NO;
				DEBUG_INFORMATION_FORMAT = dwarf;
				ENABLE_STRICT_OBJC_MSGSEND = YES;
				ENABLE_TESTABILITY = YES;
				GCC_C_LANGUAGE_STANDARD = gnu11;
				GCC_DYNAMIC_NO_PIC = NO;
				GCC_NO_COMMON_BLOCKS = YES;
				GCC_OPTIMIZATION_LEVEL = 0;
				GCC_PREPROCESSOR_DEFINITIONS = (
					"DEBUG=1",
					"$(inherited)",
				);
				GCC_WARN_64_TO_32_BIT_CONVERSION = YES;
				GCC_WARN_ABOUT_RETURN_TYPE = YES_ERROR;
				GCC_WARN_UNDECLARED_SELECTOR = YES;
				GCC_WARN_UNINITIALIZED_AUTOS = YES_AGGRESSIVE;
				GCC_WARN_UNUSED_FUNCTION = YES;
				GCC_WARN_UNUSED_VARIABLE = YES;
				IPHONEOS_DEPLOYMENT_TARGET = 15.4;
				MTL_ENABLE_DEBUG_INFO = INCLUDE_SOURCE;
				MTL_FAST_MATH = YES;
				ONLY_ACTIVE_ARCH = YES;
				SDKROOT = iphoneos;
				SWIFT_ACTIVE_COMPILATION_CONDITIONS = DEBUG;
				SWIFT_OPTIMIZATION_LEVEL = "-Onone";
			};
			name = Debug;
		};
		4D2E7AAC27FA6EF90014B886 /* Release */ = {
			isa = XCBuildConfiguration;
			buildSettings = {
				ALWAYS_SEARCH_USER_PATHS = NO;
				CLANG_ANALYZER_NONNULL = YES;
				CLANG_ANALYZER_NUMBER_OBJECT_CONVERSION = YES_AGGRESSIVE;
				CLANG_CXX_LANGUAGE_STANDARD = "gnu++17";
				CLANG_ENABLE_MODULES = YES;
				CLANG_ENABLE_OBJC_ARC = YES;
				CLANG_ENABLE_OBJC_WEAK = YES;
				CLANG_WARN_BLOCK_CAPTURE_AUTORELEASING = YES;
				CLANG_WARN_BOOL_CONVERSION = YES;
				CLANG_WARN_COMMA = YES;
				CLANG_WARN_CONSTANT_CONVERSION = YES;
				CLANG_WARN_DEPRECATED_OBJC_IMPLEMENTATIONS = YES;
				CLANG_WARN_DIRECT_OBJC_ISA_USAGE = YES_ERROR;
				CLANG_WARN_DOCUMENTATION_COMMENTS = YES;
				CLANG_WARN_EMPTY_BODY = YES;
				CLANG_WARN_ENUM_CONVERSION = YES;
				CLANG_WARN_INFINITE_RECURSION = YES;
				CLANG_WARN_INT_CONVERSION = YES;
				CLANG_WARN_NON_LITERAL_NULL_CONVERSION = YES;
				CLANG_WARN_OBJC_IMPLICIT_RETAIN_SELF = YES;
				CLANG_WARN_OBJC_LITERAL_CONVERSION = YES;
				CLANG_WARN_OBJC_ROOT_CLASS = YES_ERROR;
				CLANG_WARN_QUOTED_INCLUDE_IN_FRAMEWORK_HEADER = YES;
				CLANG_WARN_RANGE_LOOP_ANALYSIS = YES;
				CLANG_WARN_STRICT_PROTOTYPES = YES;
				CLANG_WARN_SUSPICIOUS_MOVE = YES;
				CLANG_WARN_UNGUARDED_AVAILABILITY = YES_AGGRESSIVE;
				CLANG_WARN_UNREACHABLE_CODE = YES;
				CLANG_WARN__DUPLICATE_METHOD_MATCH = YES;
				COPY_PHASE_STRIP = NO;
				DEBUG_INFORMATION_FORMAT = "dwarf-with-dsym";
				ENABLE_NS_ASSERTIONS = NO;
				ENABLE_STRICT_OBJC_MSGSEND = YES;
				GCC_C_LANGUAGE_STANDARD = gnu11;
				GCC_NO_COMMON_BLOCKS = YES;
				GCC_WARN_64_TO_32_BIT_CONVERSION = YES;
				GCC_WARN_ABOUT_RETURN_TYPE = YES_ERROR;
				GCC_WARN_UNDECLARED_SELECTOR = YES;
				GCC_WARN_UNINITIALIZED_AUTOS = YES_AGGRESSIVE;
				GCC_WARN_UNUSED_FUNCTION = YES;
				GCC_WARN_UNUSED_VARIABLE = YES;
				IPHONEOS_DEPLOYMENT_TARGET = 15.4;
				MTL_ENABLE_DEBUG_INFO = NO;
				MTL_FAST_MATH = YES;
				SDKROOT = iphoneos;
				SWIFT_COMPILATION_MODE = wholemodule;
				SWIFT_OPTIMIZATION_LEVEL = "-O";
				VALIDATE_PRODUCT = YES;
			};
			name = Release;
		};
		4D2E7AAE27FA6EF90014B886 /* Debug */ = {
			isa = XCBuildConfiguration;
			buildSettings = {
				ASSETCATALOG_COMPILER_APPICON_NAME = AppIcon;
				ASSETCATALOG_COMPILER_GLOBAL_ACCENT_COLOR_NAME = AccentColor;
				CODE_SIGN_STYLE = Automatic;
				CURRENT_PROJECT_VERSION = 1;
				DEVELOPMENT_ASSET_PATHS = "\"SwiftUICombineAndData/Preview Content\"";
				DEVELOPMENT_TEAM = JAFVLB96C5;
				ENABLE_PREVIEWS = YES;
				GENERATE_INFOPLIST_FILE = YES;
				INFOPLIST_KEY_UIApplicationSceneManifest_Generation = YES;
				INFOPLIST_KEY_UIApplicationSupportsIndirectInputEvents = YES;
				INFOPLIST_KEY_UILaunchScreen_Generation = YES;
				INFOPLIST_KEY_UISupportedInterfaceOrientations_iPad = "UIInterfaceOrientationPortrait UIInterfaceOrientationPortraitUpsideDown UIInterfaceOrientationLandscapeLeft UIInterfaceOrientationLandscapeRight";
				INFOPLIST_KEY_UISupportedInterfaceOrientations_iPhone = "UIInterfaceOrientationPortrait UIInterfaceOrientationLandscapeLeft UIInterfaceOrientationLandscapeRight";
				LD_RUNPATH_SEARCH_PATHS = (
					"$(inherited)",
					"@executable_path/Frameworks",
				);
				MARKETING_VERSION = 1.0;
				PRODUCT_BUNDLE_IDENTIFIER = io.roughgears.learn.designcode.ios15.SwiftUICombineAndData;
				PRODUCT_NAME = "$(TARGET_NAME)";
				SWIFT_EMIT_LOC_STRINGS = YES;
				SWIFT_VERSION = 5.0;
				TARGETED_DEVICE_FAMILY = "1,2";
			};
			name = Debug;
		};
		4D2E7AAF27FA6EF90014B886 /* Release */ = {
			isa = XCBuildConfiguration;
			buildSettings = {
				ASSETCATALOG_COMPILER_APPICON_NAME = AppIcon;
				ASSETCATALOG_COMPILER_GLOBAL_ACCENT_COLOR_NAME = AccentColor;
				CODE_SIGN_STYLE = Automatic;
				CURRENT_PROJECT_VERSION = 1;
				DEVELOPMENT_ASSET_PATHS = "\"SwiftUICombineAndData/Preview Content\"";
				DEVELOPMENT_TEAM = JAFVLB96C5;
				ENABLE_PREVIEWS = YES;
				GENERATE_INFOPLIST_FILE = YES;
				INFOPLIST_KEY_UIApplicationSceneManifest_Generation = YES;
				INFOPLIST_KEY_UIApplicationSupportsIndirectInputEvents = YES;
				INFOPLIST_KEY_UILaunchScreen_Generation = YES;
				INFOPLIST_KEY_UISupportedInterfaceOrientations_iPad = "UIInterfaceOrientationPortrait UIInterfaceOrientationPortraitUpsideDown UIInterfaceOrientationLandscapeLeft UIInterfaceOrientationLandscapeRight";
				INFOPLIST_KEY_UISupportedInterfaceOrientations_iPhone = "UIInterfaceOrientationPortrait UIInterfaceOrientationLandscapeLeft UIInterfaceOrientationLandscapeRight";
				LD_RUNPATH_SEARCH_PATHS = (
					"$(inherited)",
					"@executable_path/Frameworks",
				);
				MARKETING_VERSION = 1.0;
				PRODUCT_BUNDLE_IDENTIFIER = io.roughgears.learn.designcode.ios15.SwiftUICombineAndData;
				PRODUCT_NAME = "$(TARGET_NAME)";
				SWIFT_EMIT_LOC_STRINGS = YES;
				SWIFT_VERSION = 5.0;
				TARGETED_DEVICE_FAMILY = "1,2";
			};
			name = Release;
		};
/* End XCBuildConfiguration section */

/* Begin XCConfigurationList section */
		4D2E7A9A27FA6EF70014B886 /* Build configuration list for PBXProject "SwiftUICombineAndData" */ = {
			isa = XCConfigurationList;
			buildConfigurations = (
				4D2E7AAB27FA6EF90014B886 /* Debug */,
				4D2E7AAC27FA6EF90014B886 /* Release */,
			);
			defaultConfigurationIsVisible = 0;
			defaultConfigurationName = Release;
		};
		4D2E7AAD27FA6EF90014B886 /* Build configuration list for PBXNativeTarget "SwiftUICombineAndData" */ = {
			isa = XCConfigurationList;
			buildConfigurations = (
				4D2E7AAE27FA6EF90014B886 /* Debug */,
				4D2E7AAF27FA6EF90014B886 /* Release */,
			);
			defaultConfigurationIsVisible = 0;
			defaultConfigurationName = Release;
		};
/* End XCConfigurationList section */
	};
	rootObject = 4D2E7A9727FA6EF70014B886 /* Project object */;
}
