// !$*UTF8*$!
{
	archiveVersion = 1;
	classes = {
	};
	objectVersion = 56;
	objects = {

/* Begin PBXBuildFile section */
		1A7EDB262B3A9B8400F96612 /* TCATouchApp.swift in Sources */ = {isa = PBXBuildFile; fileRef = 1A7EDB252B3A9B8400F96612 /* TCATouchApp.swift */; };
		1A7EDB282B3A9B8400F96612 /* ContentView.swift in Sources */ = {isa = PBXBuildFile; fileRef = 1A7EDB272B3A9B8400F96612 /* ContentView.swift */; };
		1A7EDB2A2B3A9B8500F96612 /* Assets.xcassets in Resources */ = {isa = PBXBuildFile; fileRef = 1A7EDB292B3A9B8500F96612 /* Assets.xcassets */; };
		1A7EDB2D2B3A9B8500F96612 /* Preview Assets.xcassets in Resources */ = {isa = PBXBuildFile; fileRef = 1A7EDB2C2B3A9B8500F96612 /* Preview Assets.xcassets */; };
		1A7EDB372B3A9B8500F96612 /* TCATouchTests.swift in Sources */ = {isa = PBXBuildFile; fileRef = 1A7EDB362B3A9B8500F96612 /* TCATouchTests.swift */; };
		1A7EDB412B3A9B8500F96612 /* TCATouchUITests.swift in Sources */ = {isa = PBXBuildFile; fileRef = 1A7EDB402B3A9B8500F96612 /* TCATouchUITests.swift */; };
		1A7EDB432B3A9B8500F96612 /* TCATouchUITestsLaunchTests.swift in Sources */ = {isa = PBXBuildFile; fileRef = 1A7EDB422B3A9B8500F96612 /* TCATouchUITestsLaunchTests.swift */; };
		1A7EDB512B3A9C0200F96612 /* ComposableArchitecture in Frameworks */ = {isa = PBXBuildFile; productRef = 1A7EDB502B3A9C0200F96612 /* ComposableArchitecture */; };
		1A7EDB552B3A9E6700F96612 /* SettingsView.swift in Sources */ = {isa = PBXBuildFile; fileRef = 1A7EDB542B3A9E6700F96612 /* SettingsView.swift */; };
		1A7EDB572B3AAC5D00F96612 /* NotificationSettingsView.swift in Sources */ = {isa = PBXBuildFile; fileRef = 1A7EDB562B3AAC5D00F96612 /* NotificationSettingsView.swift */; };
/* End PBXBuildFile section */

/* Begin PBXContainerItemProxy section */
		1A7EDB332B3A9B8500F96612 /* PBXContainerItemProxy */ = {
			isa = PBXContainerItemProxy;
			containerPortal = 1A7EDB1A2B3A9B8400F96612 /* Project object */;
			proxyType = 1;
			remoteGlobalIDString = 1A7EDB212B3A9B8400F96612;
			remoteInfo = TCATouch;
		};
		1A7EDB3D2B3A9B8500F96612 /* PBXContainerItemProxy */ = {
			isa = PBXContainerItemProxy;
			containerPortal = 1A7EDB1A2B3A9B8400F96612 /* Project object */;
			proxyType = 1;
			remoteGlobalIDString = 1A7EDB212B3A9B8400F96612;
			remoteInfo = TCATouch;
		};
/* End PBXContainerItemProxy section */

/* Begin PBXFileReference section */
		1A7EDB222B3A9B8400F96612 /* TCATouch.app */ = {isa = PBXFileReference; explicitFileType = wrapper.application; includeInIndex = 0; path = TCATouch.app; sourceTree = BUILT_PRODUCTS_DIR; };
		1A7EDB252B3A9B8400F96612 /* TCATouchApp.swift */ = {isa = PBXFileReference; lastKnownFileType = sourcecode.swift; path = TCATouchApp.swift; sourceTree = "<group>"; };
		1A7EDB272B3A9B8400F96612 /* ContentView.swift */ = {isa = PBXFileReference; lastKnownFileType = sourcecode.swift; path = ContentView.swift; sourceTree = "<group>"; };
		1A7EDB292B3A9B8500F96612 /* Assets.xcassets */ = {isa = PBXFileReference; lastKnownFileType = folder.assetcatalog; path = Assets.xcassets; sourceTree = "<group>"; };
		1A7EDB2C2B3A9B8500F96612 /* Preview Assets.xcassets */ = {isa = PBXFileReference; lastKnownFileType = folder.assetcatalog; path = "Preview Assets.xcassets"; sourceTree = "<group>"; };
		1A7EDB322B3A9B8500F96612 /* TCATouchTests.xctest */ = {isa = PBXFileReference; explicitFileType = wrapper.cfbundle; includeInIndex = 0; path = TCATouchTests.xctest; sourceTree = BUILT_PRODUCTS_DIR; };
		1A7EDB362B3A9B8500F96612 /* TCATouchTests.swift */ = {isa = PBXFileReference; lastKnownFileType = sourcecode.swift; path = TCATouchTests.swift; sourceTree = "<group>"; };
		1A7EDB3C2B3A9B8500F96612 /* TCATouchUITests.xctest */ = {isa = PBXFileReference; explicitFileType = wrapper.cfbundle; includeInIndex = 0; path = TCATouchUITests.xctest; sourceTree = BUILT_PRODUCTS_DIR; };
		1A7EDB402B3A9B8500F96612 /* TCATouchUITests.swift */ = {isa = PBXFileReference; lastKnownFileType = sourcecode.swift; path = TCATouchUITests.swift; sourceTree = "<group>"; };
		1A7EDB422B3A9B8500F96612 /* TCATouchUITestsLaunchTests.swift */ = {isa = PBXFileReference; lastKnownFileType = sourcecode.swift; path = TCATouchUITestsLaunchTests.swift; sourceTree = "<group>"; };
		1A7EDB542B3A9E6700F96612 /* SettingsView.swift */ = {isa = PBXFileReference; lastKnownFileType = sourcecode.swift; path = SettingsView.swift; sourceTree = "<group>"; };
		1A7EDB562B3AAC5D00F96612 /* NotificationSettingsView.swift */ = {isa = PBXFileReference; lastKnownFileType = sourcecode.swift; path = NotificationSettingsView.swift; sourceTree = "<group>"; };
/* End PBXFileReference section */

/* Begin PBXFrameworksBuildPhase section */
		1A7EDB1F2B3A9B8400F96612 /* Frameworks */ = {
			isa = PBXFrameworksBuildPhase;
			buildActionMask = 2147483647;
			files = (
				1A7EDB512B3A9C0200F96612 /* ComposableArchitecture in Frameworks */,
			);
			runOnlyForDeploymentPostprocessing = 0;
		};
		1A7EDB2F2B3A9B8500F96612 /* Frameworks */ = {
			isa = PBXFrameworksBuildPhase;
			buildActionMask = 2147483647;
			files = (
			);
			runOnlyForDeploymentPostprocessing = 0;
		};
		1A7EDB392B3A9B8500F96612 /* Frameworks */ = {
			isa = PBXFrameworksBuildPhase;
			buildActionMask = 2147483647;
			files = (
			);
			runOnlyForDeploymentPostprocessing = 0;
		};
/* End PBXFrameworksBuildPhase section */

/* Begin PBXGroup section */
		1A7EDB192B3A9B8400F96612 = {
			isa = PBXGroup;
			children = (
				1A7EDB242B3A9B8400F96612 /* TCATouch */,
				1A7EDB352B3A9B8500F96612 /* TCATouchTests */,
				1A7EDB3F2B3A9B8500F96612 /* TCATouchUITests */,
				1A7EDB232B3A9B8400F96612 /* Products */,
			);
			sourceTree = "<group>";
		};
		1A7EDB232B3A9B8400F96612 /* Products */ = {
			isa = PBXGroup;
			children = (
				1A7EDB222B3A9B8400F96612 /* TCATouch.app */,
				1A7EDB322B3A9B8500F96612 /* TCATouchTests.xctest */,
				1A7EDB3C2B3A9B8500F96612 /* TCATouchUITests.xctest */,
			);
			name = Products;
			sourceTree = "<group>";
		};
		1A7EDB242B3A9B8400F96612 /* TCATouch */ = {
			isa = PBXGroup;
			children = (
				1A7EDB252B3A9B8400F96612 /* TCATouchApp.swift */,
				1A7EDB272B3A9B8400F96612 /* ContentView.swift */,
				1A7EDB542B3A9E6700F96612 /* SettingsView.swift */,
				1A7EDB562B3AAC5D00F96612 /* NotificationSettingsView.swift */,
				1A7EDB292B3A9B8500F96612 /* Assets.xcassets */,
				1A7EDB2B2B3A9B8500F96612 /* Preview Content */,
			);
			path = TCATouch;
			sourceTree = "<group>";
		};
		1A7EDB2B2B3A9B8500F96612 /* Preview Content */ = {
			isa = PBXGroup;
			children = (
				1A7EDB2C2B3A9B8500F96612 /* Preview Assets.xcassets */,
			);
			path = "Preview Content";
			sourceTree = "<group>";
		};
		1A7EDB352B3A9B8500F96612 /* TCATouchTests */ = {
			isa = PBXGroup;
			children = (
				1A7EDB362B3A9B8500F96612 /* TCATouchTests.swift */,
			);
			path = TCATouchTests;
			sourceTree = "<group>";
		};
		1A7EDB3F2B3A9B8500F96612 /* TCATouchUITests */ = {
			isa = PBXGroup;
			children = (
				1A7EDB402B3A9B8500F96612 /* TCATouchUITests.swift */,
				1A7EDB422B3A9B8500F96612 /* TCATouchUITestsLaunchTests.swift */,
			);
			path = TCATouchUITests;
			sourceTree = "<group>";
		};
/* End PBXGroup section */

/* Begin PBXNativeTarget section */
		1A7EDB212B3A9B8400F96612 /* TCATouch */ = {
			isa = PBXNativeTarget;
			buildConfigurationList = 1A7EDB462B3A9B8500F96612 /* Build configuration list for PBXNativeTarget "TCATouch" */;
			buildPhases = (
				1A7EDB1E2B3A9B8400F96612 /* Sources */,
				1A7EDB1F2B3A9B8400F96612 /* Frameworks */,
				1A7EDB202B3A9B8400F96612 /* Resources */,
			);
			buildRules = (
			);
			dependencies = (
			);
			name = TCATouch;
			packageProductDependencies = (
				1A7EDB502B3A9C0200F96612 /* ComposableArchitecture */,
			);
			productName = TCATouch;
			productReference = 1A7EDB222B3A9B8400F96612 /* TCATouch.app */;
			productType = "com.apple.product-type.application";
		};
		1A7EDB312B3A9B8500F96612 /* TCATouchTests */ = {
			isa = PBXNativeTarget;
			buildConfigurationList = 1A7EDB492B3A9B8500F96612 /* Build configuration list for PBXNativeTarget "TCATouchTests" */;
			buildPhases = (
				1A7EDB2E2B3A9B8500F96612 /* Sources */,
				1A7EDB2F2B3A9B8500F96612 /* Frameworks */,
				1A7EDB302B3A9B8500F96612 /* Resources */,
			);
			buildRules = (
			);
			dependencies = (
				1A7EDB342B3A9B8500F96612 /* PBXTargetDependency */,
			);
			name = TCATouchTests;
			productName = TCATouchTests;
			productReference = 1A7EDB322B3A9B8500F96612 /* TCATouchTests.xctest */;
			productType = "com.apple.product-type.bundle.unit-test";
		};
		1A7EDB3B2B3A9B8500F96612 /* TCATouchUITests */ = {
			isa = PBXNativeTarget;
			buildConfigurationList = 1A7EDB4C2B3A9B8500F96612 /* Build configuration list for PBXNativeTarget "TCATouchUITests" */;
			buildPhases = (
				1A7EDB382B3A9B8500F96612 /* Sources */,
				1A7EDB392B3A9B8500F96612 /* Frameworks */,
				1A7EDB3A2B3A9B8500F96612 /* Resources */,
			);
			buildRules = (
			);
			dependencies = (
				1A7EDB3E2B3A9B8500F96612 /* PBXTargetDependency */,
			);
			name = TCATouchUITests;
			productName = TCATouchUITests;
			productReference = 1A7EDB3C2B3A9B8500F96612 /* TCATouchUITests.xctest */;
			productType = "com.apple.product-type.bundle.ui-testing";
		};
/* End PBXNativeTarget section */

/* Begin PBXProject section */
		1A7EDB1A2B3A9B8400F96612 /* Project object */ = {
			isa = PBXProject;
			attributes = {
				BuildIndependentTargetsInParallel = 1;
				LastSwiftUpdateCheck = 1510;
				LastUpgradeCheck = 1510;
				TargetAttributes = {
					1A7EDB212B3A9B8400F96612 = {
						CreatedOnToolsVersion = 15.1;
					};
					1A7EDB312B3A9B8500F96612 = {
						CreatedOnToolsVersion = 15.1;
						TestTargetID = 1A7EDB212B3A9B8400F96612;
					};
					1A7EDB3B2B3A9B8500F96612 = {
						CreatedOnToolsVersion = 15.1;
						TestTargetID = 1A7EDB212B3A9B8400F96612;
					};
				};
			};
			buildConfigurationList = 1A7EDB1D2B3A9B8400F96612 /* Build configuration list for PBXProject "TCATouch" */;
			compatibilityVersion = "Xcode 14.0";
			developmentRegion = en;
			hasScannedForEncodings = 0;
			knownRegions = (
				en,
				Base,
			);
			mainGroup = 1A7EDB192B3A9B8400F96612;
			packageReferences = (
				1A7EDB4F2B3A9C0200F96612 /* XCRemoteSwiftPackageReference "swift-composable-architecture" */,
			);
			productRefGroup = 1A7EDB232B3A9B8400F96612 /* Products */;
			projectDirPath = "";
			projectRoot = "";
			targets = (
				1A7EDB212B3A9B8400F96612 /* TCATouch */,
				1A7EDB312B3A9B8500F96612 /* TCATouchTests */,
				1A7EDB3B2B3A9B8500F96612 /* TCATouchUITests */,
			);
		};
/* End PBXProject section */

/* Begin PBXResourcesBuildPhase section */
		1A7EDB202B3A9B8400F96612 /* Resources */ = {
			isa = PBXResourcesBuildPhase;
			buildActionMask = 2147483647;
			files = (
				1A7EDB2D2B3A9B8500F96612 /* Preview Assets.xcassets in Resources */,
				1A7EDB2A2B3A9B8500F96612 /* Assets.xcassets in Resources */,
			);
			runOnlyForDeploymentPostprocessing = 0;
		};
		1A7EDB302B3A9B8500F96612 /* Resources */ = {
			isa = PBXResourcesBuildPhase;
			buildActionMask = 2147483647;
			files = (
			);
			runOnlyForDeploymentPostprocessing = 0;
		};
		1A7EDB3A2B3A9B8500F96612 /* Resources */ = {
			isa = PBXResourcesBuildPhase;
			buildActionMask = 2147483647;
			files = (
			);
			runOnlyForDeploymentPostprocessing = 0;
		};
/* End PBXResourcesBuildPhase section */

/* Begin PBXSourcesBuildPhase section */
		1A7EDB1E2B3A9B8400F96612 /* Sources */ = {
			isa = PBXSourcesBuildPhase;
			buildActionMask = 2147483647;
			files = (
				1A7EDB572B3AAC5D00F96612 /* NotificationSettingsView.swift in Sources */,
				1A7EDB552B3A9E6700F96612 /* SettingsView.swift in Sources */,
				1A7EDB282B3A9B8400F96612 /* ContentView.swift in Sources */,
				1A7EDB262B3A9B8400F96612 /* TCATouchApp.swift in Sources */,
			);
			runOnlyForDeploymentPostprocessing = 0;
		};
		1A7EDB2E2B3A9B8500F96612 /* Sources */ = {
			isa = PBXSourcesBuildPhase;
			buildActionMask = 2147483647;
			files = (
				1A7EDB372B3A9B8500F96612 /* TCATouchTests.swift in Sources */,
			);
			runOnlyForDeploymentPostprocessing = 0;
		};
		1A7EDB382B3A9B8500F96612 /* Sources */ = {
			isa = PBXSourcesBuildPhase;
			buildActionMask = 2147483647;
			files = (
				1A7EDB432B3A9B8500F96612 /* TCATouchUITestsLaunchTests.swift in Sources */,
				1A7EDB412B3A9B8500F96612 /* TCATouchUITests.swift in Sources */,
			);
			runOnlyForDeploymentPostprocessing = 0;
		};
/* End PBXSourcesBuildPhase section */

/* Begin PBXTargetDependency section */
		1A7EDB342B3A9B8500F96612 /* PBXTargetDependency */ = {
			isa = PBXTargetDependency;
			target = 1A7EDB212B3A9B8400F96612 /* TCATouch */;
			targetProxy = 1A7EDB332B3A9B8500F96612 /* PBXContainerItemProxy */;
		};
		1A7EDB3E2B3A9B8500F96612 /* PBXTargetDependency */ = {
			isa = PBXTargetDependency;
			target = 1A7EDB212B3A9B8400F96612 /* TCATouch */;
			targetProxy = 1A7EDB3D2B3A9B8500F96612 /* PBXContainerItemProxy */;
		};
/* End PBXTargetDependency section */

/* Begin XCBuildConfiguration section */
		1A7EDB442B3A9B8500F96612 /* Debug */ = {
			isa = XCBuildConfiguration;
			buildSettings = {
				ALWAYS_SEARCH_USER_PATHS = NO;
				ASSETCATALOG_COMPILER_GENERATE_SWIFT_ASSET_SYMBOL_EXTENSIONS = YES;
				CLANG_ANALYZER_NONNULL = YES;
				CLANG_ANALYZER_NUMBER_OBJECT_CONVERSION = YES_AGGRESSIVE;
				CLANG_CXX_LANGUAGE_STANDARD = "gnu++20";
				CLANG_ENABLE_MODULES = YES;
				CLANG_ENABLE_OBJC_ARC = YES;
				CLANG_ENABLE_OBJC_WEAK = YES;
				CLANG_WARN_BLOCK_CAPTURE_AUTORELEASING = YES;
				CLANG_WARN_BOOL_CONVERSION = YES;
				CLANG_WARN_COMMA = YES;
				CLANG_WARN_CONSTANT_CONVERSION = YES;
				CLANG_WARN_DEPRECATED_OBJC_IMPLEMENTATIONS = YES;
				CLANG_WARN_DIRECT_OBJC_ISA_USAGE = YES_ERROR;
				CLANG_WARN_DOCUMENTATION_COMMENTS = YES;
				CLANG_WARN_EMPTY_BODY = YES;
				CLANG_WARN_ENUM_CONVERSION = YES;
				CLANG_WARN_INFINITE_RECURSION = YES;
				CLANG_WARN_INT_CONVERSION = YES;
				CLANG_WARN_NON_LITERAL_NULL_CONVERSION = YES;
				CLANG_WARN_OBJC_IMPLICIT_RETAIN_SELF = YES;
				CLANG_WARN_OBJC_LITERAL_CONVERSION = YES;
				CLANG_WARN_OBJC_ROOT_CLASS = YES_ERROR;
				CLANG_WARN_QUOTED_INCLUDE_IN_FRAMEWORK_HEADER = YES;
				CLANG_WARN_RANGE_LOOP_ANALYSIS = YES;
				CLANG_WARN_STRICT_PROTOTYPES = YES;
				CLANG_WARN_SUSPICIOUS_MOVE = YES;
				CLANG_WARN_UNGUARDED_AVAILABILITY = YES_AGGRESSIVE;
				CLANG_WARN_UNREACHABLE_CODE = YES;
				CLANG_WARN__DUPLICATE_METHOD_MATCH = YES;
				COPY_PHASE_STRIP = NO;
				DEBUG_INFORMATION_FORMAT = dwarf;
				ENABLE_STRICT_OBJC_MSGSEND = YES;
				ENABLE_TESTABILITY = YES;
				ENABLE_USER_SCRIPT_SANDBOXING = YES;
				GCC_C_LANGUAGE_STANDARD = gnu17;
				GCC_DYNAMIC_NO_PIC = NO;
				GCC_NO_COMMON_BLOCKS = YES;
				GCC_OPTIMIZATION_LEVEL = 0;
				GCC_PREPROCESSOR_DEFINITIONS = (
					"DEBUG=1",
					"$(inherited)",
				);
				GCC_WARN_64_TO_32_BIT_CONVERSION = YES;
				GCC_WARN_ABOUT_RETURN_TYPE = YES_ERROR;
				GCC_WARN_UNDECLARED_SELECTOR = YES;
				GCC_WARN_UNINITIALIZED_AUTOS = YES_AGGRESSIVE;
				GCC_WARN_UNUSED_FUNCTION = YES;
				GCC_WARN_UNUSED_VARIABLE = YES;
				IPHONEOS_DEPLOYMENT_TARGET = 17.2;
				LOCALIZATION_PREFERS_STRING_CATALOGS = YES;
				MTL_ENABLE_DEBUG_INFO = INCLUDE_SOURCE;
				MTL_FAST_MATH = YES;
				ONLY_ACTIVE_ARCH = YES;
				SDKROOT = iphoneos;
				SWIFT_ACTIVE_COMPILATION_CONDITIONS = "DEBUG $(inherited)";
				SWIFT_OPTIMIZATION_LEVEL = "-Onone";
			};
			name = Debug;
		};
		1A7EDB452B3A9B8500F96612 /* Release */ = {
			isa = XCBuildConfiguration;
			buildSettings = {
				ALWAYS_SEARCH_USER_PATHS = NO;
				ASSETCATALOG_COMPILER_GENERATE_SWIFT_ASSET_SYMBOL_EXTENSIONS = YES;
				CLANG_ANALYZER_NONNULL = YES;
				CLANG_ANALYZER_NUMBER_OBJECT_CONVERSION = YES_AGGRESSIVE;
				CLANG_CXX_LANGUAGE_STANDARD = "gnu++20";
				CLANG_ENABLE_MODULES = YES;
				CLANG_ENABLE_OBJC_ARC = YES;
				CLANG_ENABLE_OBJC_WEAK = YES;
				CLANG_WARN_BLOCK_CAPTURE_AUTORELEASING = YES;
				CLANG_WARN_BOOL_CONVERSION = YES;
				CLANG_WARN_COMMA = YES;
				CLANG_WARN_CONSTANT_CONVERSION = YES;
				CLANG_WARN_DEPRECATED_OBJC_IMPLEMENTATIONS = YES;
				CLANG_WARN_DIRECT_OBJC_ISA_USAGE = YES_ERROR;
				CLANG_WARN_DOCUMENTATION_COMMENTS = YES;
				CLANG_WARN_EMPTY_BODY = YES;
				CLANG_WARN_ENUM_CONVERSION = YES;
				CLANG_WARN_INFINITE_RECURSION = YES;
				CLANG_WARN_INT_CONVERSION = YES;
				CLANG_WARN_NON_LITERAL_NULL_CONVERSION = YES;
				CLANG_WARN_OBJC_IMPLICIT_RETAIN_SELF = YES;
				CLANG_WARN_OBJC_LITERAL_CONVERSION = YES;
				CLANG_WARN_OBJC_ROOT_CLASS = YES_ERROR;
				CLANG_WARN_QUOTED_INCLUDE_IN_FRAMEWORK_HEADER = YES;
				CLANG_WARN_RANGE_LOOP_ANALYSIS = YES;
				CLANG_WARN_STRICT_PROTOTYPES = YES;
				CLANG_WARN_SUSPICIOUS_MOVE = YES;
				CLANG_WARN_UNGUARDED_AVAILABILITY = YES_AGGRESSIVE;
				CLANG_WARN_UNREACHABLE_CODE = YES;
				CLANG_WARN__DUPLICATE_METHOD_MATCH = YES;
				COPY_PHASE_STRIP = NO;
				DEBUG_INFORMATION_FORMAT = "dwarf-with-dsym";
				ENABLE_NS_ASSERTIONS = NO;
				ENABLE_STRICT_OBJC_MSGSEND = YES;
				ENABLE_USER_SCRIPT_SANDBOXING = YES;
				GCC_C_LANGUAGE_STANDARD = gnu17;
				GCC_NO_COMMON_BLOCKS = YES;
				GCC_WARN_64_TO_32_BIT_CONVERSION = YES;
				GCC_WARN_ABOUT_RETURN_TYPE = YES_ERROR;
				GCC_WARN_UNDECLARED_SELECTOR = YES;
				GCC_WARN_UNINITIALIZED_AUTOS = YES_AGGRESSIVE;
				GCC_WARN_UNUSED_FUNCTION = YES;
				GCC_WARN_UNUSED_VARIABLE = YES;
				IPHONEOS_DEPLOYMENT_TARGET = 17.2;
				LOCALIZATION_PREFERS_STRING_CATALOGS = YES;
				MTL_ENABLE_DEBUG_INFO = NO;
				MTL_FAST_MATH = YES;
				SDKROOT = iphoneos;
				SWIFT_COMPILATION_MODE = wholemodule;
				VALIDATE_PRODUCT = YES;
			};
			name = Release;
		};
		1A7EDB472B3A9B8500F96612 /* Debug */ = {
			isa = XCBuildConfiguration;
			buildSettings = {
				ASSETCATALOG_COMPILER_APPICON_NAME = AppIcon;
				ASSETCATALOG_COMPILER_GLOBAL_ACCENT_COLOR_NAME = AccentColor;
				CODE_SIGN_STYLE = Automatic;
				CURRENT_PROJECT_VERSION = 1;
				DEVELOPMENT_ASSET_PATHS = "\"TCATouch/Preview Content\"";
				ENABLE_PREVIEWS = YES;
				GENERATE_INFOPLIST_FILE = YES;
				INFOPLIST_KEY_UIApplicationSceneManifest_Generation = YES;
				INFOPLIST_KEY_UIApplicationSupportsIndirectInputEvents = YES;
				INFOPLIST_KEY_UILaunchScreen_Generation = YES;
				INFOPLIST_KEY_UISupportedInterfaceOrientations_iPad = "UIInterfaceOrientationPortrait UIInterfaceOrientationPortraitUpsideDown UIInterfaceOrientationLandscapeLeft UIInterfaceOrientationLandscapeRight";
				INFOPLIST_KEY_UISupportedInterfaceOrientations_iPhone = "UIInterfaceOrientationPortrait UIInterfaceOrientationLandscapeLeft UIInterfaceOrientationLandscapeRight";
				LD_RUNPATH_SEARCH_PATHS = (
					"$(inherited)",
					"@executable_path/Frameworks",
				);
				MARKETING_VERSION = 1.0;
				PRODUCT_BUNDLE_IDENTIFIER = io.roughgears.pointfree.TCATouch;
				PRODUCT_NAME = "$(TARGET_NAME)";
				SWIFT_EMIT_LOC_STRINGS = YES;
				SWIFT_VERSION = 5.0;
				TARGETED_DEVICE_FAMILY = "1,2";
			};
			name = Debug;
		};
		1A7EDB482B3A9B8500F96612 /* Release */ = {
			isa = XCBuildConfiguration;
			buildSettings = {
				ASSETCATALOG_COMPILER_APPICON_NAME = AppIcon;
				ASSETCATALOG_COMPILER_GLOBAL_ACCENT_COLOR_NAME = AccentColor;
				CODE_SIGN_STYLE = Automatic;
				CURRENT_PROJECT_VERSION = 1;
				DEVELOPMENT_ASSET_PATHS = "\"TCATouch/Preview Content\"";
				ENABLE_PREVIEWS = YES;
				GENERATE_INFOPLIST_FILE = YES;
				INFOPLIST_KEY_UIApplicationSceneManifest_Generation = YES;
				INFOPLIST_KEY_UIApplicationSupportsIndirectInputEvents = YES;
				INFOPLIST_KEY_UILaunchScreen_Generation = YES;
				INFOPLIST_KEY_UISupportedInterfaceOrientations_iPad = "UIInterfaceOrientationPortrait UIInterfaceOrientationPortraitUpsideDown UIInterfaceOrientationLandscapeLeft UIInterfaceOrientationLandscapeRight";
				INFOPLIST_KEY_UISupportedInterfaceOrientations_iPhone = "UIInterfaceOrientationPortrait UIInterfaceOrientationLandscapeLeft UIInterfaceOrientationLandscapeRight";
				LD_RUNPATH_SEARCH_PATHS = (
					"$(inherited)",
					"@executable_path/Frameworks",
				);
				MARKETING_VERSION = 1.0;
				PRODUCT_BUNDLE_IDENTIFIER = io.roughgears.pointfree.TCATouch;
				PRODUCT_NAME = "$(TARGET_NAME)";
				SWIFT_EMIT_LOC_STRINGS = YES;
				SWIFT_VERSION = 5.0;
				TARGETED_DEVICE_FAMILY = "1,2";
			};
			name = Release;
		};
		1A7EDB4A2B3A9B8500F96612 /* Debug */ = {
			isa = XCBuildConfiguration;
			buildSettings = {
				ALWAYS_EMBED_SWIFT_STANDARD_LIBRARIES = YES;
				BUNDLE_LOADER = "$(TEST_HOST)";
				CODE_SIGN_STYLE = Automatic;
				CURRENT_PROJECT_VERSION = 1;
				GENERATE_INFOPLIST_FILE = YES;
				IPHONEOS_DEPLOYMENT_TARGET = 17.2;
				MARKETING_VERSION = 1.0;
				PRODUCT_BUNDLE_IDENTIFIER = io.roughgears.pointfree.TCATouchTests;
				PRODUCT_NAME = "$(TARGET_NAME)";
				SWIFT_EMIT_LOC_STRINGS = NO;
				SWIFT_VERSION = 5.0;
				TARGETED_DEVICE_FAMILY = "1,2";
				TEST_HOST = "$(BUILT_PRODUCTS_DIR)/TCATouch.app/$(BUNDLE_EXECUTABLE_FOLDER_PATH)/TCATouch";
			};
			name = Debug;
		};
		1A7EDB4B2B3A9B8500F96612 /* Release */ = {
			isa = XCBuildConfiguration;
			buildSettings = {
				ALWAYS_EMBED_SWIFT_STANDARD_LIBRARIES = YES;
				BUNDLE_LOADER = "$(TEST_HOST)";
				CODE_SIGN_STYLE = Automatic;
				CURRENT_PROJECT_VERSION = 1;
				GENERATE_INFOPLIST_FILE = YES;
				IPHONEOS_DEPLOYMENT_TARGET = 17.2;
				MARKETING_VERSION = 1.0;
				PRODUCT_BUNDLE_IDENTIFIER = io.roughgears.pointfree.TCATouchTests;
				PRODUCT_NAME = "$(TARGET_NAME)";
				SWIFT_EMIT_LOC_STRINGS = NO;
				SWIFT_VERSION = 5.0;
				TARGETED_DEVICE_FAMILY = "1,2";
				TEST_HOST = "$(BUILT_PRODUCTS_DIR)/TCATouch.app/$(BUNDLE_EXECUTABLE_FOLDER_PATH)/TCATouch";
			};
			name = Release;
		};
		1A7EDB4D2B3A9B8500F96612 /* Debug */ = {
			isa = XCBuildConfiguration;
			buildSettings = {
				ALWAYS_EMBED_SWIFT_STANDARD_LIBRARIES = YES;
				CODE_SIGN_STYLE = Automatic;
				CURRENT_PROJECT_VERSION = 1;
				GENERATE_INFOPLIST_FILE = YES;
				MARKETING_VERSION = 1.0;
				PRODUCT_BUNDLE_IDENTIFIER = io.roughgears.pointfree.TCATouchUITests;
				PRODUCT_NAME = "$(TARGET_NAME)";
				SWIFT_EMIT_LOC_STRINGS = NO;
				SWIFT_VERSION = 5.0;
				TARGETED_DEVICE_FAMILY = "1,2";
				TEST_TARGET_NAME = TCATouch;
			};
			name = Debug;
		};
		1A7EDB4E2B3A9B8500F96612 /* Release */ = {
			isa = XCBuildConfiguration;
			buildSettings = {
				ALWAYS_EMBED_SWIFT_STANDARD_LIBRARIES = YES;
				CODE_SIGN_STYLE = Automatic;
				CURRENT_PROJECT_VERSION = 1;
				GENERATE_INFOPLIST_FILE = YES;
				MARKETING_VERSION = 1.0;
				PRODUCT_BUNDLE_IDENTIFIER = io.roughgears.pointfree.TCATouchUITests;
				PRODUCT_NAME = "$(TARGET_NAME)";
				SWIFT_EMIT_LOC_STRINGS = NO;
				SWIFT_VERSION = 5.0;
				TARGETED_DEVICE_FAMILY = "1,2";
				TEST_TARGET_NAME = TCATouch;
			};
			name = Release;
		};
/* End XCBuildConfiguration section */

/* Begin XCConfigurationList section */
		1A7EDB1D2B3A9B8400F96612 /* Build configuration list for PBXProject "TCATouch" */ = {
			isa = XCConfigurationList;
			buildConfigurations = (
				1A7EDB442B3A9B8500F96612 /* Debug */,
				1A7EDB452B3A9B8500F96612 /* Release */,
			);
			defaultConfigurationIsVisible = 0;
			defaultConfigurationName = Release;
		};
		1A7EDB462B3A9B8500F96612 /* Build configuration list for PBXNativeTarget "TCATouch" */ = {
			isa = XCConfigurationList;
			buildConfigurations = (
				1A7EDB472B3A9B8500F96612 /* Debug */,
				1A7EDB482B3A9B8500F96612 /* Release */,
			);
			defaultConfigurationIsVisible = 0;
			defaultConfigurationName = Release;
		};
		1A7EDB492B3A9B8500F96612 /* Build configuration list for PBXNativeTarget "TCATouchTests" */ = {
			isa = XCConfigurationList;
			buildConfigurations = (
				1A7EDB4A2B3A9B8500F96612 /* Debug */,
				1A7EDB4B2B3A9B8500F96612 /* Release */,
			);
			defaultConfigurationIsVisible = 0;
			defaultConfigurationName = Release;
		};
		1A7EDB4C2B3A9B8500F96612 /* Build configuration list for PBXNativeTarget "TCATouchUITests" */ = {
			isa = XCConfigurationList;
			buildConfigurations = (
				1A7EDB4D2B3A9B8500F96612 /* Debug */,
				1A7EDB4E2B3A9B8500F96612 /* Release */,
			);
			defaultConfigurationIsVisible = 0;
			defaultConfigurationName = Release;
		};
/* End XCConfigurationList section */

/* Begin XCRemoteSwiftPackageReference section */
		1A7EDB4F2B3A9C0200F96612 /* XCRemoteSwiftPackageReference "swift-composable-architecture" */ = {
			isa = XCRemoteSwiftPackageReference;
			repositoryURL = "https://github.com/pointfreeco/swift-composable-architecture";
			requirement = {
				kind = upToNextMajorVersion;
				minimumVersion = 1.5.6;
			};
		};
/* End XCRemoteSwiftPackageReference section */

/* Begin XCSwiftPackageProductDependency section */
		1A7EDB502B3A9C0200F96612 /* ComposableArchitecture */ = {
			isa = XCSwiftPackageProductDependency;
			package = 1A7EDB4F2B3A9C0200F96612 /* XCRemoteSwiftPackageReference "swift-composable-architecture" */;
			productName = ComposableArchitecture;
		};
/* End XCSwiftPackageProductDependency section */
	};
	rootObject = 1A7EDB1A2B3A9B8400F96612 /* Project object */;
}
