// !$*UTF8*$!
{
	archiveVersion = 1;
	classes = {
	};
	objectVersion = 77;
	objects = {

/* Begin PBXBuildFile section */
		4D0C51562CC33C2900D1EB68 /* Preview Assets.xcassets in Resources */ = {isa = PBXBuildFile; fileRef = 4D0C51502CC33C2900D1EB68 /* Preview Assets.xcassets */; };
		4D0C51572CC33C2900D1EB68 /* Assets.xcassets in Resources */ = {isa = PBXBuildFile; fileRef = 4D0C51522CC33C2900D1EB68 /* Assets.xcassets */; };
		4D0C51582CC33C2900D1EB68 /* ContentView.swift in Sources */ = {isa = PBXBuildFile; fileRef = 4D0C51532CC33C2900D1EB68 /* ContentView.swift */; };
		4D0C51592CC33C2900D1EB68 /* JPApexApp.swift in Sources */ = {isa = PBXBuildFile; fileRef = 4D0C51542CC33C2900D1EB68 /* JPApexApp.swift */; };
		4D0C515B2CC33C7700D1EB68 /* jpapexpredators.json in Resources */ = {isa = PBXBuildFile; fileRef = 4D0C515A2CC33C7700D1EB68 /* jpapexpredators.json */; };
		4D0C515D2CC33CF400D1EB68 /* ApexPredator.swift in Sources */ = {isa = PBXBuildFile; fileRef = 4D0C515C2CC33CF400D1EB68 /* ApexPredator.swift */; };
		4D0C515F2CC33E6300D1EB68 /* Predators.swift in Sources */ = {isa = PBXBuildFile; fileRef = 4D0C515E2CC33E6300D1EB68 /* Predators.swift */; };
		4D0C51612CC36CD000D1EB68 /* PredatorDetail.swift in Sources */ = {isa = PBXBuildFile; fileRef = 4D0C51602CC36CD000D1EB68 /* PredatorDetail.swift */; };
		4D0C51632CC3C3A500D1EB68 /* PredatorMap.swift in Sources */ = {isa = PBXBuildFile; fileRef = 4D0C51622CC3C3A500D1EB68 /* PredatorMap.swift */; };
		4D0C516D2CC3C80500D1EB68 /* ApexStickers.appex in Embed Foundation Extensions */ = {isa = PBXBuildFile; fileRef = 4D0C51662CC3C80500D1EB68 /* ApexStickers.appex */; settings = {ATTRIBUTES = (RemoveHeadersOnCopy, ); }; };
		4D0C51772CC3C81D00D1EB68 /* Stickers.xcassets in Resources */ = {isa = PBXBuildFile; fileRef = 4D0C51742CC3C81D00D1EB68 /* Stickers.xcassets */; };
/* End PBXBuildFile section */

/* Begin PBXContainerItemProxy section */
		4D0C51342CC33C1A00D1EB68 /* PBXContainerItemProxy */ = {
			isa = PBXContainerItemProxy;
			containerPortal = 4D0C511B2CC33C1900D1EB68 /* Project object */;
			proxyType = 1;
			remoteGlobalIDString = 4D0C51222CC33C1900D1EB68;
			remoteInfo = JPApex;
		};
		4D0C513E2CC33C1A00D1EB68 /* PBXContainerItemProxy */ = {
			isa = PBXContainerItemProxy;
			containerPortal = 4D0C511B2CC33C1900D1EB68 /* Project object */;
			proxyType = 1;
			remoteGlobalIDString = 4D0C51222CC33C1900D1EB68;
			remoteInfo = JPApex;
		};
		4D0C516B2CC3C80500D1EB68 /* PBXContainerItemProxy */ = {
			isa = PBXContainerItemProxy;
			containerPortal = 4D0C511B2CC33C1900D1EB68 /* Project object */;
			proxyType = 1;
			remoteGlobalIDString = 4D0C51652CC3C80500D1EB68;
			remoteInfo = ApexStickers;
		};
/* End PBXContainerItemProxy section */

/* Begin PBXCopyFilesBuildPhase section */
		4D0C51722CC3C80500D1EB68 /* Embed Foundation Extensions */ = {
			isa = PBXCopyFilesBuildPhase;
			buildActionMask = 2147483647;
			dstPath = "";
			dstSubfolderSpec = 13;
			files = (
				4D0C516D2CC3C80500D1EB68 /* ApexStickers.appex in Embed Foundation Extensions */,
			);
			name = "Embed Foundation Extensions";
			runOnlyForDeploymentPostprocessing = 0;
		};
/* End PBXCopyFilesBuildPhase section */

/* Begin PBXFileReference section */
		4D0C51232CC33C1900D1EB68 /* JPApex.app */ = {isa = PBXFileReference; explicitFileType = wrapper.application; includeInIndex = 0; path = JPApex.app; sourceTree = BUILT_PRODUCTS_DIR; };
		4D0C51332CC33C1A00D1EB68 /* JPApexTests.xctest */ = {isa = PBXFileReference; explicitFileType = wrapper.cfbundle; includeInIndex = 0; path = JPApexTests.xctest; sourceTree = BUILT_PRODUCTS_DIR; };
		4D0C513D2CC33C1A00D1EB68 /* JPApexUITests.xctest */ = {isa = PBXFileReference; explicitFileType = wrapper.cfbundle; includeInIndex = 0; path = JPApexUITests.xctest; sourceTree = BUILT_PRODUCTS_DIR; };
		4D0C51502CC33C2900D1EB68 /* Preview Assets.xcassets */ = {isa = PBXFileReference; lastKnownFileType = folder.assetcatalog; path = "Preview Assets.xcassets"; sourceTree = "<group>"; };
		4D0C51522CC33C2900D1EB68 /* Assets.xcassets */ = {isa = PBXFileReference; lastKnownFileType = folder.assetcatalog; path = Assets.xcassets; sourceTree = "<group>"; };
		4D0C51532CC33C2900D1EB68 /* ContentView.swift */ = {isa = PBXFileReference; lastKnownFileType = sourcecode.swift; path = ContentView.swift; sourceTree = "<group>"; };
		4D0C51542CC33C2900D1EB68 /* JPApexApp.swift */ = {isa = PBXFileReference; lastKnownFileType = sourcecode.swift; path = JPApexApp.swift; sourceTree = "<group>"; };
		4D0C515A2CC33C7700D1EB68 /* jpapexpredators.json */ = {isa = PBXFileReference; lastKnownFileType = text.json; path = jpapexpredators.json; sourceTree = "<group>"; };
		4D0C515C2CC33CF400D1EB68 /* ApexPredator.swift */ = {isa = PBXFileReference; lastKnownFileType = sourcecode.swift; path = ApexPredator.swift; sourceTree = "<group>"; };
		4D0C515E2CC33E6300D1EB68 /* Predators.swift */ = {isa = PBXFileReference; lastKnownFileType = sourcecode.swift; path = Predators.swift; sourceTree = "<group>"; };
		4D0C51602CC36CD000D1EB68 /* PredatorDetail.swift */ = {isa = PBXFileReference; lastKnownFileType = sourcecode.swift; path = PredatorDetail.swift; sourceTree = "<group>"; };
		4D0C51622CC3C3A500D1EB68 /* PredatorMap.swift */ = {isa = PBXFileReference; lastKnownFileType = sourcecode.swift; path = PredatorMap.swift; sourceTree = "<group>"; };
		4D0C51662CC3C80500D1EB68 /* ApexStickers.appex */ = {isa = PBXFileReference; explicitFileType = "wrapper.app-extension"; includeInIndex = 0; path = ApexStickers.appex; sourceTree = BUILT_PRODUCTS_DIR; };
		4D0C51732CC3C81D00D1EB68 /* Info.plist */ = {isa = PBXFileReference; lastKnownFileType = text.plist.xml; path = Info.plist; sourceTree = "<group>"; };
		4D0C51742CC3C81D00D1EB68 /* Stickers.xcassets */ = {isa = PBXFileReference; lastKnownFileType = folder.assetcatalog; path = Stickers.xcassets; sourceTree = "<group>"; };
/* End PBXFileReference section */

/* Begin PBXFileSystemSynchronizedRootGroup section */
		4D0C51362CC33C1A00D1EB68 /* JPApexTests */ = {
			isa = PBXFileSystemSynchronizedRootGroup;
			path = JPApexTests;
			sourceTree = "<group>";
		};
		4D0C51402CC33C1A00D1EB68 /* JPApexUITests */ = {
			isa = PBXFileSystemSynchronizedRootGroup;
			path = JPApexUITests;
			sourceTree = "<group>";
		};
/* End PBXFileSystemSynchronizedRootGroup section */

/* Begin PBXFrameworksBuildPhase section */
		4D0C51202CC33C1900D1EB68 /* Frameworks */ = {
			isa = PBXFrameworksBuildPhase;
			buildActionMask = 2147483647;
			files = (
			);
			runOnlyForDeploymentPostprocessing = 0;
		};
		4D0C51302CC33C1A00D1EB68 /* Frameworks */ = {
			isa = PBXFrameworksBuildPhase;
			buildActionMask = 2147483647;
			files = (
			);
			runOnlyForDeploymentPostprocessing = 0;
		};
		4D0C513A2CC33C1A00D1EB68 /* Frameworks */ = {
			isa = PBXFrameworksBuildPhase;
			buildActionMask = 2147483647;
			files = (
			);
			runOnlyForDeploymentPostprocessing = 0;
		};
/* End PBXFrameworksBuildPhase section */

/* Begin PBXGroup section */
		4D0C511A2CC33C1900D1EB68 = {
			isa = PBXGroup;
			children = (
				4D0C51552CC33C2900D1EB68 /* JPApex */,
				4D0C51362CC33C1A00D1EB68 /* JPApexTests */,
				4D0C51402CC33C1A00D1EB68 /* JPApexUITests */,
				4D0C51752CC3C81D00D1EB68 /* ApexStickers */,
				4D0C51242CC33C1900D1EB68 /* Products */,
			);
			sourceTree = "<group>";
		};
		4D0C51242CC33C1900D1EB68 /* Products */ = {
			isa = PBXGroup;
			children = (
				4D0C51232CC33C1900D1EB68 /* JPApex.app */,
				4D0C51332CC33C1A00D1EB68 /* JPApexTests.xctest */,
				4D0C513D2CC33C1A00D1EB68 /* JPApexUITests.xctest */,
				4D0C51662CC3C80500D1EB68 /* ApexStickers.appex */,
			);
			name = Products;
			sourceTree = "<group>";
		};
		4D0C51512CC33C2900D1EB68 /* Preview Content */ = {
			isa = PBXGroup;
			children = (
				4D0C51502CC33C2900D1EB68 /* Preview Assets.xcassets */,
			);
			path = "Preview Content";
			sourceTree = "<group>";
		};
		4D0C51552CC33C2900D1EB68 /* JPApex */ = {
			isa = PBXGroup;
			children = (
				4D0C51542CC33C2900D1EB68 /* JPApexApp.swift */,
				4D0C51532CC33C2900D1EB68 /* ContentView.swift */,
				4D0C51602CC36CD000D1EB68 /* PredatorDetail.swift */,
				4D0C51622CC3C3A500D1EB68 /* PredatorMap.swift */,
				4D0C515C2CC33CF400D1EB68 /* ApexPredator.swift */,
				4D0C515E2CC33E6300D1EB68 /* Predators.swift */,
				4D0C515A2CC33C7700D1EB68 /* jpapexpredators.json */,
				4D0C51522CC33C2900D1EB68 /* Assets.xcassets */,
				4D0C51512CC33C2900D1EB68 /* Preview Content */,
			);
			path = JPApex;
			sourceTree = "<group>";
		};
		4D0C51752CC3C81D00D1EB68 /* ApexStickers */ = {
			isa = PBXGroup;
			children = (
				4D0C51742CC3C81D00D1EB68 /* Stickers.xcassets */,
				4D0C51732CC3C81D00D1EB68 /* Info.plist */,
			);
			path = ApexStickers;
			sourceTree = "<group>";
		};
/* End PBXGroup section */

/* Begin PBXNativeTarget section */
		4D0C51222CC33C1900D1EB68 /* JPApex */ = {
			isa = PBXNativeTarget;
			buildConfigurationList = 4D0C51472CC33C1A00D1EB68 /* Build configuration list for PBXNativeTarget "JPApex" */;
			buildPhases = (
				4D0C511F2CC33C1900D1EB68 /* Sources */,
				4D0C51202CC33C1900D1EB68 /* Frameworks */,
				4D0C51212CC33C1900D1EB68 /* Resources */,
				4D0C51722CC3C80500D1EB68 /* Embed Foundation Extensions */,
			);
			buildRules = (
			);
			dependencies = (
				4D0C516C2CC3C80500D1EB68 /* PBXTargetDependency */,
			);
			name = JPApex;
			packageProductDependencies = (
			);
			productName = JPApex;
			productReference = 4D0C51232CC33C1900D1EB68 /* JPApex.app */;
			productType = "com.apple.product-type.application";
		};
		4D0C51322CC33C1A00D1EB68 /* JPApexTests */ = {
			isa = PBXNativeTarget;
			buildConfigurationList = 4D0C514A2CC33C1A00D1EB68 /* Build configuration list for PBXNativeTarget "JPApexTests" */;
			buildPhases = (
				4D0C512F2CC33C1A00D1EB68 /* Sources */,
				4D0C51302CC33C1A00D1EB68 /* Frameworks */,
				4D0C51312CC33C1A00D1EB68 /* Resources */,
			);
			buildRules = (
			);
			dependencies = (
				4D0C51352CC33C1A00D1EB68 /* PBXTargetDependency */,
			);
			fileSystemSynchronizedGroups = (
				4D0C51362CC33C1A00D1EB68 /* JPApexTests */,
			);
			name = JPApexTests;
			packageProductDependencies = (
			);
			productName = JPApexTests;
			productReference = 4D0C51332CC33C1A00D1EB68 /* JPApexTests.xctest */;
			productType = "com.apple.product-type.bundle.unit-test";
		};
		4D0C513C2CC33C1A00D1EB68 /* JPApexUITests */ = {
			isa = PBXNativeTarget;
			buildConfigurationList = 4D0C514D2CC33C1A00D1EB68 /* Build configuration list for PBXNativeTarget "JPApexUITests" */;
			buildPhases = (
				4D0C51392CC33C1A00D1EB68 /* Sources */,
				4D0C513A2CC33C1A00D1EB68 /* Frameworks */,
				4D0C513B2CC33C1A00D1EB68 /* Resources */,
			);
			buildRules = (
			);
			dependencies = (
				4D0C513F2CC33C1A00D1EB68 /* PBXTargetDependency */,
			);
			fileSystemSynchronizedGroups = (
				4D0C51402CC33C1A00D1EB68 /* JPApexUITests */,
			);
			name = JPApexUITests;
			packageProductDependencies = (
			);
			productName = JPApexUITests;
			productReference = 4D0C513D2CC33C1A00D1EB68 /* JPApexUITests.xctest */;
			productType = "com.apple.product-type.bundle.ui-testing";
		};
		4D0C51652CC3C80500D1EB68 /* ApexStickers */ = {
			isa = PBXNativeTarget;
			buildConfigurationList = 4D0C516F2CC3C80500D1EB68 /* Build configuration list for PBXNativeTarget "ApexStickers" */;
			buildPhases = (
				4D0C51642CC3C80500D1EB68 /* Resources */,
			);
			buildRules = (
			);
			dependencies = (
			);
			name = ApexStickers;
			packageProductDependencies = (
			);
			productName = ApexStickers;
			productReference = 4D0C51662CC3C80500D1EB68 /* ApexStickers.appex */;
			productType = "com.apple.product-type.app-extension.messages-sticker-pack";
		};
/* End PBXNativeTarget section */

/* Begin PBXProject section */
		4D0C511B2CC33C1900D1EB68 /* Project object */ = {
			isa = PBXProject;
			attributes = {
				BuildIndependentTargetsInParallel = 1;
				LastSwiftUpdateCheck = 1600;
				LastUpgradeCheck = 1600;
				TargetAttributes = {
					4D0C51222CC33C1900D1EB68 = {
						CreatedOnToolsVersion = 16.0;
					};
					4D0C51322CC33C1A00D1EB68 = {
						CreatedOnToolsVersion = 16.0;
						TestTargetID = 4D0C51222CC33C1900D1EB68;
					};
					4D0C513C2CC33C1A00D1EB68 = {
						CreatedOnToolsVersion = 16.0;
						TestTargetID = 4D0C51222CC33C1900D1EB68;
					};
					4D0C51652CC3C80500D1EB68 = {
						CreatedOnToolsVersion = 16.0;
					};
				};
			};
			buildConfigurationList = 4D0C511E2CC33C1900D1EB68 /* Build configuration list for PBXProject "JPApex" */;
			developmentRegion = en;
			hasScannedForEncodings = 0;
			knownRegions = (
				en,
				Base,
			);
			mainGroup = 4D0C511A2CC33C1900D1EB68;
			minimizedProjectReferenceProxies = 1;
			preferredProjectObjectVersion = 77;
			productRefGroup = 4D0C51242CC33C1900D1EB68 /* Products */;
			projectDirPath = "";
			projectRoot = "";
			targets = (
				4D0C51222CC33C1900D1EB68 /* JPApex */,
				4D0C51322CC33C1A00D1EB68 /* JPApexTests */,
				4D0C513C2CC33C1A00D1EB68 /* JPApexUITests */,
				4D0C51652CC3C80500D1EB68 /* ApexStickers */,
			);
		};
/* End PBXProject section */

/* Begin PBXResourcesBuildPhase section */
		4D0C51212CC33C1900D1EB68 /* Resources */ = {
			isa = PBXResourcesBuildPhase;
			buildActionMask = 2147483647;
			files = (
				4D0C51562CC33C2900D1EB68 /* Preview Assets.xcassets in Resources */,
				4D0C51572CC33C2900D1EB68 /* Assets.xcassets in Resources */,
				4D0C515B2CC33C7700D1EB68 /* jpapexpredators.json in Resources */,
			);
			runOnlyForDeploymentPostprocessing = 0;
		};
		4D0C51312CC33C1A00D1EB68 /* Resources */ = {
			isa = PBXResourcesBuildPhase;
			buildActionMask = 2147483647;
			files = (
			);
			runOnlyForDeploymentPostprocessing = 0;
		};
		4D0C513B2CC33C1A00D1EB68 /* Resources */ = {
			isa = PBXResourcesBuildPhase;
			buildActionMask = 2147483647;
			files = (
			);
			runOnlyForDeploymentPostprocessing = 0;
		};
		4D0C51642CC3C80500D1EB68 /* Resources */ = {
			isa = PBXResourcesBuildPhase;
			buildActionMask = 2147483647;
			files = (
				4D0C51772CC3C81D00D1EB68 /* Stickers.xcassets in Resources */,
			);
			runOnlyForDeploymentPostprocessing = 0;
		};
/* End PBXResourcesBuildPhase section */

/* Begin PBXSourcesBuildPhase section */
		4D0C511F2CC33C1900D1EB68 /* Sources */ = {
			isa = PBXSourcesBuildPhase;
			buildActionMask = 2147483647;
			files = (
				4D0C515D2CC33CF400D1EB68 /* ApexPredator.swift in Sources */,
				4D0C51632CC3C3A500D1EB68 /* PredatorMap.swift in Sources */,
				4D0C51582CC33C2900D1EB68 /* ContentView.swift in Sources */,
				4D0C51612CC36CD000D1EB68 /* PredatorDetail.swift in Sources */,
				4D0C515F2CC33E6300D1EB68 /* Predators.swift in Sources */,
				4D0C51592CC33C2900D1EB68 /* JPApexApp.swift in Sources */,
			);
			runOnlyForDeploymentPostprocessing = 0;
		};
		4D0C512F2CC33C1A00D1EB68 /* Sources */ = {
			isa = PBXSourcesBuildPhase;
			buildActionMask = 2147483647;
			files = (
			);
			runOnlyForDeploymentPostprocessing = 0;
		};
		4D0C51392CC33C1A00D1EB68 /* Sources */ = {
			isa = PBXSourcesBuildPhase;
			buildActionMask = 2147483647;
			files = (
			);
			runOnlyForDeploymentPostprocessing = 0;
		};
/* End PBXSourcesBuildPhase section */

/* Begin PBXTargetDependency section */
		4D0C51352CC33C1A00D1EB68 /* PBXTargetDependency */ = {
			isa = PBXTargetDependency;
			target = 4D0C51222CC33C1900D1EB68 /* JPApex */;
			targetProxy = 4D0C51342CC33C1A00D1EB68 /* PBXContainerItemProxy */;
		};
		4D0C513F2CC33C1A00D1EB68 /* PBXTargetDependency */ = {
			isa = PBXTargetDependency;
			target = 4D0C51222CC33C1900D1EB68 /* JPApex */;
			targetProxy = 4D0C513E2CC33C1A00D1EB68 /* PBXContainerItemProxy */;
		};
		4D0C516C2CC3C80500D1EB68 /* PBXTargetDependency */ = {
			isa = PBXTargetDependency;
			target = 4D0C51652CC3C80500D1EB68 /* ApexStickers */;
			targetProxy = 4D0C516B2CC3C80500D1EB68 /* PBXContainerItemProxy */;
		};
/* End PBXTargetDependency section */

/* Begin XCBuildConfiguration section */
		4D0C51452CC33C1A00D1EB68 /* Debug */ = {
			isa = XCBuildConfiguration;
			buildSettings = {
				ALWAYS_SEARCH_USER_PATHS = NO;
				ASSETCATALOG_COMPILER_GENERATE_SWIFT_ASSET_SYMBOL_EXTENSIONS = YES;
				CLANG_ANALYZER_NONNULL = YES;
				CLANG_ANALYZER_NUMBER_OBJECT_CONVERSION = YES_AGGRESSIVE;
				CLANG_CXX_LANGUAGE_STANDARD = "gnu++20";
				CLANG_ENABLE_MODULES = YES;
				CLANG_ENABLE_OBJC_ARC = YES;
				CLANG_ENABLE_OBJC_WEAK = YES;
				CLANG_WARN_BLOCK_CAPTURE_AUTORELEASING = YES;
				CLANG_WARN_BOOL_CONVERSION = YES;
				CLANG_WARN_COMMA = YES;
				CLANG_WARN_CONSTANT_CONVERSION = YES;
				CLANG_WARN_DEPRECATED_OBJC_IMPLEMENTATIONS = YES;
				CLANG_WARN_DIRECT_OBJC_ISA_USAGE = YES_ERROR;
				CLANG_WARN_DOCUMENTATION_COMMENTS = YES;
				CLANG_WARN_EMPTY_BODY = YES;
				CLANG_WARN_ENUM_CONVERSION = YES;
				CLANG_WARN_INFINITE_RECURSION = YES;
				CLANG_WARN_INT_CONVERSION = YES;
				CLANG_WARN_NON_LITERAL_NULL_CONVERSION = YES;
				CLANG_WARN_OBJC_IMPLICIT_RETAIN_SELF = YES;
				CLANG_WARN_OBJC_LITERAL_CONVERSION = YES;
				CLANG_WARN_OBJC_ROOT_CLASS = YES_ERROR;
				CLANG_WARN_QUOTED_INCLUDE_IN_FRAMEWORK_HEADER = YES;
				CLANG_WARN_RANGE_LOOP_ANALYSIS = YES;
				CLANG_WARN_STRICT_PROTOTYPES = YES;
				CLANG_WARN_SUSPICIOUS_MOVE = YES;
				CLANG_WARN_UNGUARDED_AVAILABILITY = YES_AGGRESSIVE;
				CLANG_WARN_UNREACHABLE_CODE = YES;
				CLANG_WARN__DUPLICATE_METHOD_MATCH = YES;
				COPY_PHASE_STRIP = NO;
				DEBUG_INFORMATION_FORMAT = dwarf;
				ENABLE_STRICT_OBJC_MSGSEND = YES;
				ENABLE_TESTABILITY = YES;
				ENABLE_USER_SCRIPT_SANDBOXING = YES;
				GCC_C_LANGUAGE_STANDARD = gnu17;
				GCC_DYNAMIC_NO_PIC = NO;
				GCC_NO_COMMON_BLOCKS = YES;
				GCC_OPTIMIZATION_LEVEL = 0;
				GCC_PREPROCESSOR_DEFINITIONS = (
					"DEBUG=1",
					"$(inherited)",
				);
				GCC_WARN_64_TO_32_BIT_CONVERSION = YES;
				GCC_WARN_ABOUT_RETURN_TYPE = YES_ERROR;
				GCC_WARN_UNDECLARED_SELECTOR = YES;
				GCC_WARN_UNINITIALIZED_AUTOS = YES_AGGRESSIVE;
				GCC_WARN_UNUSED_FUNCTION = YES;
				GCC_WARN_UNUSED_VARIABLE = YES;
				IPHONEOS_DEPLOYMENT_TARGET = 18.0;
				LOCALIZATION_PREFERS_STRING_CATALOGS = YES;
				MTL_ENABLE_DEBUG_INFO = INCLUDE_SOURCE;
				MTL_FAST_MATH = YES;
				ONLY_ACTIVE_ARCH = YES;
				SDKROOT = iphoneos;
				SWIFT_ACTIVE_COMPILATION_CONDITIONS = "DEBUG $(inherited)";
				SWIFT_OPTIMIZATION_LEVEL = "-Onone";
			};
			name = Debug;
		};
		4D0C51462CC33C1A00D1EB68 /* Release */ = {
			isa = XCBuildConfiguration;
			buildSettings = {
				ALWAYS_SEARCH_USER_PATHS = NO;
				ASSETCATALOG_COMPILER_GENERATE_SWIFT_ASSET_SYMBOL_EXTENSIONS = YES;
				CLANG_ANALYZER_NONNULL = YES;
				CLANG_ANALYZER_NUMBER_OBJECT_CONVERSION = YES_AGGRESSIVE;
				CLANG_CXX_LANGUAGE_STANDARD = "gnu++20";
				CLANG_ENABLE_MODULES = YES;
				CLANG_ENABLE_OBJC_ARC = YES;
				CLANG_ENABLE_OBJC_WEAK = YES;
				CLANG_WARN_BLOCK_CAPTURE_AUTORELEASING = YES;
				CLANG_WARN_BOOL_CONVERSION = YES;
				CLANG_WARN_COMMA = YES;
				CLANG_WARN_CONSTANT_CONVERSION = YES;
				CLANG_WARN_DEPRECATED_OBJC_IMPLEMENTATIONS = YES;
				CLANG_WARN_DIRECT_OBJC_ISA_USAGE = YES_ERROR;
				CLANG_WARN_DOCUMENTATION_COMMENTS = YES;
				CLANG_WARN_EMPTY_BODY = YES;
				CLANG_WARN_ENUM_CONVERSION = YES;
				CLANG_WARN_INFINITE_RECURSION = YES;
				CLANG_WARN_INT_CONVERSION = YES;
				CLANG_WARN_NON_LITERAL_NULL_CONVERSION = YES;
				CLANG_WARN_OBJC_IMPLICIT_RETAIN_SELF = YES;
				CLANG_WARN_OBJC_LITERAL_CONVERSION = YES;
				CLANG_WARN_OBJC_ROOT_CLASS = YES_ERROR;
				CLANG_WARN_QUOTED_INCLUDE_IN_FRAMEWORK_HEADER = YES;
				CLANG_WARN_RANGE_LOOP_ANALYSIS = YES;
				CLANG_WARN_STRICT_PROTOTYPES = YES;
				CLANG_WARN_SUSPICIOUS_MOVE = YES;
				CLANG_WARN_UNGUARDED_AVAILABILITY = YES_AGGRESSIVE;
				CLANG_WARN_UNREACHABLE_CODE = YES;
				CLANG_WARN__DUPLICATE_METHOD_MATCH = YES;
				COPY_PHASE_STRIP = NO;
				DEBUG_INFORMATION_FORMAT = "dwarf-with-dsym";
				ENABLE_NS_ASSERTIONS = NO;
				ENABLE_STRICT_OBJC_MSGSEND = YES;
				ENABLE_USER_SCRIPT_SANDBOXING = YES;
				GCC_C_LANGUAGE_STANDARD = gnu17;
				GCC_NO_COMMON_BLOCKS = YES;
				GCC_WARN_64_TO_32_BIT_CONVERSION = YES;
				GCC_WARN_ABOUT_RETURN_TYPE = YES_ERROR;
				GCC_WARN_UNDECLARED_SELECTOR = YES;
				GCC_WARN_UNINITIALIZED_AUTOS = YES_AGGRESSIVE;
				GCC_WARN_UNUSED_FUNCTION = YES;
				GCC_WARN_UNUSED_VARIABLE = YES;
				IPHONEOS_DEPLOYMENT_TARGET = 18.0;
				LOCALIZATION_PREFERS_STRING_CATALOGS = YES;
				MTL_ENABLE_DEBUG_INFO = NO;
				MTL_FAST_MATH = YES;
				SDKROOT = iphoneos;
				SWIFT_COMPILATION_MODE = wholemodule;
				VALIDATE_PRODUCT = YES;
			};
			name = Release;
		};
		4D0C51482CC33C1A00D1EB68 /* Debug */ = {
			isa = XCBuildConfiguration;
			buildSettings = {
				ASSETCATALOG_COMPILER_APPICON_NAME = AppIcon;
				ASSETCATALOG_COMPILER_GLOBAL_ACCENT_COLOR_NAME = AccentColor;
				CODE_SIGN_STYLE = Automatic;
				CURRENT_PROJECT_VERSION = 1;
				DEVELOPMENT_ASSET_PATHS = "\"JPApex/Preview Content\"";
				DEVELOPMENT_TEAM = Z9XSRMC573;
				ENABLE_PREVIEWS = YES;
				GENERATE_INFOPLIST_FILE = YES;
				INFOPLIST_KEY_UIApplicationSceneManifest_Generation = YES;
				INFOPLIST_KEY_UIApplicationSupportsIndirectInputEvents = YES;
				INFOPLIST_KEY_UILaunchScreen_Generation = YES;
				INFOPLIST_KEY_UISupportedInterfaceOrientations_iPad = "UIInterfaceOrientationPortrait UIInterfaceOrientationPortraitUpsideDown UIInterfaceOrientationLandscapeLeft UIInterfaceOrientationLandscapeRight";
				INFOPLIST_KEY_UISupportedInterfaceOrientations_iPhone = "UIInterfaceOrientationPortrait UIInterfaceOrientationLandscapeLeft UIInterfaceOrientationLandscapeRight";
				LD_RUNPATH_SEARCH_PATHS = (
					"$(inherited)",
					"@executable_path/Frameworks",
				);
				MARKETING_VERSION = 1.0;
				PRODUCT_BUNDLE_IDENTIFIER = io.roughgears.learn.JPApex;
				PRODUCT_NAME = "$(TARGET_NAME)";
				SWIFT_EMIT_LOC_STRINGS = YES;
				SWIFT_VERSION = 5.0;
				TARGETED_DEVICE_FAMILY = "1,2";
			};
			name = Debug;
		};
		4D0C51492CC33C1A00D1EB68 /* Release */ = {
			isa = XCBuildConfiguration;
			buildSettings = {
				ASSETCATALOG_COMPILER_APPICON_NAME = AppIcon;
				ASSETCATALOG_COMPILER_GLOBAL_ACCENT_COLOR_NAME = AccentColor;
				CODE_SIGN_STYLE = Automatic;
				CURRENT_PROJECT_VERSION = 1;
				DEVELOPMENT_ASSET_PATHS = "\"JPApex/Preview Content\"";
				DEVELOPMENT_TEAM = Z9XSRMC573;
				ENABLE_PREVIEWS = YES;
				GENERATE_INFOPLIST_FILE = YES;
				INFOPLIST_KEY_UIApplicationSceneManifest_Generation = YES;
				INFOPLIST_KEY_UIApplicationSupportsIndirectInputEvents = YES;
				INFOPLIST_KEY_UILaunchScreen_Generation = YES;
				INFOPLIST_KEY_UISupportedInterfaceOrientations_iPad = "UIInterfaceOrientationPortrait UIInterfaceOrientationPortraitUpsideDown UIInterfaceOrientationLandscapeLeft UIInterfaceOrientationLandscapeRight";
				INFOPLIST_KEY_UISupportedInterfaceOrientations_iPhone = "UIInterfaceOrientationPortrait UIInterfaceOrientationLandscapeLeft UIInterfaceOrientationLandscapeRight";
				LD_RUNPATH_SEARCH_PATHS = (
					"$(inherited)",
					"@executable_path/Frameworks",
				);
				MARKETING_VERSION = 1.0;
				PRODUCT_BUNDLE_IDENTIFIER = io.roughgears.learn.JPApex;
				PRODUCT_NAME = "$(TARGET_NAME)";
				SWIFT_EMIT_LOC_STRINGS = YES;
				SWIFT_VERSION = 5.0;
				TARGETED_DEVICE_FAMILY = "1,2";
			};
			name = Release;
		};
		4D0C514B2CC33C1A00D1EB68 /* Debug */ = {
			isa = XCBuildConfiguration;
			buildSettings = {
				BUNDLE_LOADER = "$(TEST_HOST)";
				CODE_SIGN_STYLE = Automatic;
				CURRENT_PROJECT_VERSION = 1;
				DEVELOPMENT_TEAM = Z9XSRMC573;
				GENERATE_INFOPLIST_FILE = YES;
				IPHONEOS_DEPLOYMENT_TARGET = 18.0;
				MARKETING_VERSION = 1.0;
				PRODUCT_BUNDLE_IDENTIFIER = io.roughgears.learn.JPApexTests;
				PRODUCT_NAME = "$(TARGET_NAME)";
				SWIFT_EMIT_LOC_STRINGS = NO;
				SWIFT_VERSION = 5.0;
				TARGETED_DEVICE_FAMILY = "1,2";
				TEST_HOST = "$(BUILT_PRODUCTS_DIR)/JPApex.app/$(BUNDLE_EXECUTABLE_FOLDER_PATH)/JPApex";
			};
			name = Debug;
		};
		4D0C514C2CC33C1A00D1EB68 /* Release */ = {
			isa = XCBuildConfiguration;
			buildSettings = {
				BUNDLE_LOADER = "$(TEST_HOST)";
				CODE_SIGN_STYLE = Automatic;
				CURRENT_PROJECT_VERSION = 1;
				DEVELOPMENT_TEAM = Z9XSRMC573;
				GENERATE_INFOPLIST_FILE = YES;
				IPHONEOS_DEPLOYMENT_TARGET = 18.0;
				MARKETING_VERSION = 1.0;
				PRODUCT_BUNDLE_IDENTIFIER = io.roughgears.learn.JPApexTests;
				PRODUCT_NAME = "$(TARGET_NAME)";
				SWIFT_EMIT_LOC_STRINGS = NO;
				SWIFT_VERSION = 5.0;
				TARGETED_DEVICE_FAMILY = "1,2";
				TEST_HOST = "$(BUILT_PRODUCTS_DIR)/JPApex.app/$(BUNDLE_EXECUTABLE_FOLDER_PATH)/JPApex";
			};
			name = Release;
		};
		4D0C514E2CC33C1A00D1EB68 /* Debug */ = {
			isa = XCBuildConfiguration;
			buildSettings = {
				CODE_SIGN_STYLE = Automatic;
				CURRENT_PROJECT_VERSION = 1;
				DEVELOPMENT_TEAM = Z9XSRMC573;
				GENERATE_INFOPLIST_FILE = YES;
				MARKETING_VERSION = 1.0;
				PRODUCT_BUNDLE_IDENTIFIER = io.roughgears.learn.JPApexUITests;
				PRODUCT_NAME = "$(TARGET_NAME)";
				SWIFT_EMIT_LOC_STRINGS = NO;
				SWIFT_VERSION = 5.0;
				TARGETED_DEVICE_FAMILY = "1,2";
				TEST_TARGET_NAME = JPApex;
			};
			name = Debug;
		};
		4D0C514F2CC33C1A00D1EB68 /* Release */ = {
			isa = XCBuildConfiguration;
			buildSettings = {
				CODE_SIGN_STYLE = Automatic;
				CURRENT_PROJECT_VERSION = 1;
				DEVELOPMENT_TEAM = Z9XSRMC573;
				GENERATE_INFOPLIST_FILE = YES;
				MARKETING_VERSION = 1.0;
				PRODUCT_BUNDLE_IDENTIFIER = io.roughgears.learn.JPApexUITests;
				PRODUCT_NAME = "$(TARGET_NAME)";
				SWIFT_EMIT_LOC_STRINGS = NO;
				SWIFT_VERSION = 5.0;
				TARGETED_DEVICE_FAMILY = "1,2";
				TEST_TARGET_NAME = JPApex;
			};
			name = Release;
		};
		4D0C51702CC3C80500D1EB68 /* Debug */ = {
			isa = XCBuildConfiguration;
			buildSettings = {
				ASSETCATALOG_COMPILER_APPICON_NAME = "iMessage App Icon";
				CODE_SIGN_STYLE = Automatic;
				CURRENT_PROJECT_VERSION = 1;
				DEVELOPMENT_TEAM = Z9XSRMC573;
				GENERATE_INFOPLIST_FILE = YES;
				INFOPLIST_FILE = ApexStickers/Info.plist;
				INFOPLIST_KEY_NSStickerSharingLevel = OS;
				MARKETING_VERSION = 1.0;
				PRODUCT_BUNDLE_IDENTIFIER = io.roughgears.learn.JPApex.ApexStickers;
				PRODUCT_NAME = "$(TARGET_NAME)";
				SKIP_INSTALL = YES;
				SWIFT_EMIT_LOC_STRINGS = YES;
				TARGETED_DEVICE_FAMILY = "1,2";
			};
			name = Debug;
		};
		4D0C51712CC3C80500D1EB68 /* Release */ = {
			isa = XCBuildConfiguration;
			buildSettings = {
				ASSETCATALOG_COMPILER_APPICON_NAME = "iMessage App Icon";
				CODE_SIGN_STYLE = Automatic;
				CURRENT_PROJECT_VERSION = 1;
				DEVELOPMENT_TEAM = Z9XSRMC573;
				GENERATE_INFOPLIST_FILE = YES;
				INFOPLIST_FILE = ApexStickers/Info.plist;
				INFOPLIST_KEY_NSStickerSharingLevel = OS;
				MARKETING_VERSION = 1.0;
				PRODUCT_BUNDLE_IDENTIFIER = io.roughgears.learn.JPApex.ApexStickers;
				PRODUCT_NAME = "$(TARGET_NAME)";
				SKIP_INSTALL = YES;
				SWIFT_EMIT_LOC_STRINGS = YES;
				TARGETED_DEVICE_FAMILY = "1,2";
			};
			name = Release;
		};
/* End XCBuildConfiguration section */

/* Begin XCConfigurationList section */
		4D0C511E2CC33C1900D1EB68 /* Build configuration list for PBXProject "JPApex" */ = {
			isa = XCConfigurationList;
			buildConfigurations = (
				4D0C51452CC33C1A00D1EB68 /* Debug */,
				4D0C51462CC33C1A00D1EB68 /* Release */,
			);
			defaultConfigurationIsVisible = 0;
			defaultConfigurationName = Release;
		};
		4D0C51472CC33C1A00D1EB68 /* Build configuration list for PBXNativeTarget "JPApex" */ = {
			isa = XCConfigurationList;
			buildConfigurations = (
				4D0C51482CC33C1A00D1EB68 /* Debug */,
				4D0C51492CC33C1A00D1EB68 /* Release */,
			);
			defaultConfigurationIsVisible = 0;
			defaultConfigurationName = Release;
		};
		4D0C514A2CC33C1A00D1EB68 /* Build configuration list for PBXNativeTarget "JPApexTests" */ = {
			isa = XCConfigurationList;
			buildConfigurations = (
				4D0C514B2CC33C1A00D1EB68 /* Debug */,
				4D0C514C2CC33C1A00D1EB68 /* Release */,
			);
			defaultConfigurationIsVisible = 0;
			defaultConfigurationName = Release;
		};
		4D0C514D2CC33C1A00D1EB68 /* Build configuration list for PBXNativeTarget "JPApexUITests" */ = {
			isa = XCConfigurationList;
			buildConfigurations = (
				4D0C514E2CC33C1A00D1EB68 /* Debug */,
				4D0C514F2CC33C1A00D1EB68 /* Release */,
			);
			defaultConfigurationIsVisible = 0;
			defaultConfigurationName = Release;
		};
		4D0C516F2CC3C80500D1EB68 /* Build configuration list for PBXNativeTarget "ApexStickers" */ = {
			isa = XCConfigurationList;
			buildConfigurations = (
				4D0C51702CC3C80500D1EB68 /* Debug */,
				4D0C51712CC3C80500D1EB68 /* Release */,
			);
			defaultConfigurationIsVisible = 0;
			defaultConfigurationName = Release;
		};
/* End XCConfigurationList section */
	};
	rootObject = 4D0C511B2CC33C1900D1EB68 /* Project object */;
}
