// !$*UTF8*$!
{
	archiveVersion = 1;
	classes = {
	};
	objectVersion = 55;
	objects = {

/* Begin PBXBuildFile section */
		4D4B66E92821E5E2006AA723 /* SignUpView.swift in Sources */ = {isa = PBXBuildFile; fileRef = 4D4B66E82821E5E2006AA723 /* SignUpView.swift */; };
		4D802492281D47EB0081427F /* CourseItem.swift in Sources */ = {isa = PBXBuildFile; fileRef = 4D802491281D47EB0081427F /* CourseItem.swift */; };
		4D802494281D49090081427F /* CourseView.swift in Sources */ = {isa = PBXBuildFile; fileRef = 4D802493281D49090081427F /* CourseView.swift */; };
		4D802496281E057A0081427F /* Animations.swift in Sources */ = {isa = PBXBuildFile; fileRef = 4D802495281E057A0081427F /* Animations.swift */; };
		4D802498281E3EAD0081427F /* Model.swift in Sources */ = {isa = PBXBuildFile; fileRef = 4D802497281E3EAD0081427F /* Model.swift */; };
		4D80249A281E8AE10081427F /* SearchView.swift in Sources */ = {isa = PBXBuildFile; fileRef = 4D802499281E8AE10081427F /* SearchView.swift */; };
		4D80249C281F4A090081427F /* Suggestion.swift in Sources */ = {isa = PBXBuildFile; fileRef = 4D80249B281F4A090081427F /* Suggestion.swift */; };
		4D901BA4280BAA9E005FEFF7 /* HomeView.swift in Sources */ = {isa = PBXBuildFile; fileRef = 4D901BA3280BAA9E005FEFF7 /* HomeView.swift */; };
		4D901BAB280BAFE1005FEFF7 /* FeaturedItem.swift in Sources */ = {isa = PBXBuildFile; fileRef = 4D901BAA280BAFE1005FEFF7 /* FeaturedItem.swift */; };
		4D901BAD280BB14F005FEFF7 /* NavigationBar.swift in Sources */ = {isa = PBXBuildFile; fileRef = 4D901BAC280BB14F005FEFF7 /* NavigationBar.swift */; };
		4D96DD1828019A1A00B8A0F1 /* Styles.swift in Sources */ = {isa = PBXBuildFile; fileRef = 4D96DD1728019A1A00B8A0F1 /* Styles.swift */; };
		4D96DD1A28024D8A00B8A0F1 /* AccountView.swift in Sources */ = {isa = PBXBuildFile; fileRef = 4D96DD1928024D8A00B8A0F1 /* AccountView.swift */; };
		4DA133EA28233C4D004FFE90 /* AngularButtonStyle.swift in Sources */ = {isa = PBXBuildFile; fileRef = 4DA133E928233C4D004FFE90 /* AngularButtonStyle.swift */; };
		4DAC11DF281A9CB000C837BC /* AnimatableFontModifier.swift in Sources */ = {isa = PBXBuildFile; fileRef = 4DAC11DE281A9CB000C837BC /* AnimatableFontModifier.swift */; };
		4DAC11E1281AA04C00C837BC /* Course.swift in Sources */ = {isa = PBXBuildFile; fileRef = 4DAC11E0281AA04C00C837BC /* Course.swift */; };
		4DAC11E3281AB21D00C837BC /* MatchedView.swift in Sources */ = {isa = PBXBuildFile; fileRef = 4DAC11E2281AB21D00C837BC /* MatchedView.swift */; };
		4DC69CE427F6FD630012C59E /* DesignCodeiOS15App.swift in Sources */ = {isa = PBXBuildFile; fileRef = 4DC69CE327F6FD630012C59E /* DesignCodeiOS15App.swift */; };
		4DC69CE627F6FD630012C59E /* ContentView.swift in Sources */ = {isa = PBXBuildFile; fileRef = 4DC69CE527F6FD630012C59E /* ContentView.swift */; };
		4DC69CE827F6FD640012C59E /* Assets.xcassets in Resources */ = {isa = PBXBuildFile; fileRef = 4DC69CE727F6FD640012C59E /* Assets.xcassets */; };
		4DC69CEB27F6FD640012C59E /* Preview Assets.xcassets in Resources */ = {isa = PBXBuildFile; fileRef = 4DC69CEA27F6FD640012C59E /* Preview Assets.xcassets */; };
		4DDC0B3C280A52420090E83A /* HexagonView.swift in Sources */ = {isa = PBXBuildFile; fileRef = 4DDC0B3B280A52420090E83A /* HexagonView.swift */; };
		4DDC0B3E280A58580090E83A /* BlobView.swift in Sources */ = {isa = PBXBuildFile; fileRef = 4DDC0B3D280A58580090E83A /* BlobView.swift */; };
		4DDC0B40280B76300090E83A /* TabBar.swift in Sources */ = {isa = PBXBuildFile; fileRef = 4DDC0B3F280B76300090E83A /* TabBar.swift */; };
		4DDC0B42280B7AE60090E83A /* Tab.swift in Sources */ = {isa = PBXBuildFile; fileRef = 4DDC0B41280B7AE60090E83A /* Tab.swift */; };
		4DFC41002814446B00A0CF01 /* PreferenceKeys.swift in Sources */ = {isa = PBXBuildFile; fileRef = 4DFC40FF2814446B00A0CF01 /* PreferenceKeys.swift */; };
/* End PBXBuildFile section */

/* Begin PBXFileReference section */
		4D4B66E82821E5E2006AA723 /* SignUpView.swift */ = {isa = PBXFileReference; lastKnownFileType = sourcecode.swift; path = SignUpView.swift; sourceTree = "<group>"; };
		4D802491281D47EB0081427F /* CourseItem.swift */ = {isa = PBXFileReference; lastKnownFileType = sourcecode.swift; path = CourseItem.swift; sourceTree = "<group>"; };
		4D802493281D49090081427F /* CourseView.swift */ = {isa = PBXFileReference; lastKnownFileType = sourcecode.swift; path = CourseView.swift; sourceTree = "<group>"; };
		4D802495281E057A0081427F /* Animations.swift */ = {isa = PBXFileReference; lastKnownFileType = sourcecode.swift; path = Animations.swift; sourceTree = "<group>"; };
		4D802497281E3EAD0081427F /* Model.swift */ = {isa = PBXFileReference; lastKnownFileType = sourcecode.swift; path = Model.swift; sourceTree = "<group>"; };
		4D802499281E8AE10081427F /* SearchView.swift */ = {isa = PBXFileReference; lastKnownFileType = sourcecode.swift; path = SearchView.swift; sourceTree = "<group>"; };
		4D80249B281F4A090081427F /* Suggestion.swift */ = {isa = PBXFileReference; lastKnownFileType = sourcecode.swift; path = Suggestion.swift; sourceTree = "<group>"; };
		4D901BA3280BAA9E005FEFF7 /* HomeView.swift */ = {isa = PBXFileReference; lastKnownFileType = sourcecode.swift; path = HomeView.swift; sourceTree = "<group>"; };
		4D901BAA280BAFE1005FEFF7 /* FeaturedItem.swift */ = {isa = PBXFileReference; lastKnownFileType = sourcecode.swift; path = FeaturedItem.swift; sourceTree = "<group>"; };
		4D901BAC280BB14F005FEFF7 /* NavigationBar.swift */ = {isa = PBXFileReference; lastKnownFileType = sourcecode.swift; path = NavigationBar.swift; sourceTree = "<group>"; };
		4D96DD1728019A1A00B8A0F1 /* Styles.swift */ = {isa = PBXFileReference; lastKnownFileType = sourcecode.swift; path = Styles.swift; sourceTree = "<group>"; };
		4D96DD1928024D8A00B8A0F1 /* AccountView.swift */ = {isa = PBXFileReference; lastKnownFileType = sourcecode.swift; path = AccountView.swift; sourceTree = "<group>"; };
		4DA133E928233C4D004FFE90 /* AngularButtonStyle.swift */ = {isa = PBXFileReference; lastKnownFileType = sourcecode.swift; path = AngularButtonStyle.swift; sourceTree = "<group>"; };
		4DAC11DE281A9CB000C837BC /* AnimatableFontModifier.swift */ = {isa = PBXFileReference; lastKnownFileType = sourcecode.swift; path = AnimatableFontModifier.swift; sourceTree = "<group>"; };
		4DAC11E0281AA04C00C837BC /* Course.swift */ = {isa = PBXFileReference; lastKnownFileType = sourcecode.swift; path = Course.swift; sourceTree = "<group>"; };
		4DAC11E2281AB21D00C837BC /* MatchedView.swift */ = {isa = PBXFileReference; lastKnownFileType = sourcecode.swift; path = MatchedView.swift; sourceTree = "<group>"; };
		4DC69CE027F6FD630012C59E /* DesignCodeiOS15.app */ = {isa = PBXFileReference; explicitFileType = wrapper.application; includeInIndex = 0; path = DesignCodeiOS15.app; sourceTree = BUILT_PRODUCTS_DIR; };
		4DC69CE327F6FD630012C59E /* DesignCodeiOS15App.swift */ = {isa = PBXFileReference; lastKnownFileType = sourcecode.swift; path = DesignCodeiOS15App.swift; sourceTree = "<group>"; };
		4DC69CE527F6FD630012C59E /* ContentView.swift */ = {isa = PBXFileReference; lastKnownFileType = sourcecode.swift; path = ContentView.swift; sourceTree = "<group>"; };
		4DC69CE727F6FD640012C59E /* Assets.xcassets */ = {isa = PBXFileReference; lastKnownFileType = folder.assetcatalog; path = Assets.xcassets; sourceTree = "<group>"; };
		4DC69CEA27F6FD640012C59E /* Preview Assets.xcassets */ = {isa = PBXFileReference; lastKnownFileType = folder.assetcatalog; path = "Preview Assets.xcassets"; sourceTree = "<group>"; };
		4DDC0B3B280A52420090E83A /* HexagonView.swift */ = {isa = PBXFileReference; lastKnownFileType = sourcecode.swift; path = HexagonView.swift; sourceTree = "<group>"; };
		4DDC0B3D280A58580090E83A /* BlobView.swift */ = {isa = PBXFileReference; lastKnownFileType = sourcecode.swift; path = BlobView.swift; sourceTree = "<group>"; };
		4DDC0B3F280B76300090E83A /* TabBar.swift */ = {isa = PBXFileReference; lastKnownFileType = sourcecode.swift; path = TabBar.swift; sourceTree = "<group>"; };
		4DDC0B41280B7AE60090E83A /* Tab.swift */ = {isa = PBXFileReference; lastKnownFileType = sourcecode.swift; path = Tab.swift; sourceTree = "<group>"; };
		4DFC40FF2814446B00A0CF01 /* PreferenceKeys.swift */ = {isa = PBXFileReference; lastKnownFileType = sourcecode.swift; path = PreferenceKeys.swift; sourceTree = "<group>"; };
/* End PBXFileReference section */

/* Begin PBXFrameworksBuildPhase section */
		4DC69CDD27F6FD630012C59E /* Frameworks */ = {
			isa = PBXFrameworksBuildPhase;
			buildActionMask = 2147483647;
			files = (
			);
			runOnlyForDeploymentPostprocessing = 0;
		};
/* End PBXFrameworksBuildPhase section */

/* Begin PBXGroup section */
		4D901BA5280BAD2E005FEFF7 /* Navigation */ = {
			isa = PBXGroup;
			children = (
				4DC69CE527F6FD630012C59E /* ContentView.swift */,
				4DDC0B3F280B76300090E83A /* TabBar.swift */,
				4D901BAC280BB14F005FEFF7 /* NavigationBar.swift */,
			);
			path = Navigation;
			sourceTree = "<group>";
		};
		4D901BA6280BAD56005FEFF7 /* Views */ = {
			isa = PBXGroup;
			children = (
				4D901BA3280BAA9E005FEFF7 /* HomeView.swift */,
				4D96DD1928024D8A00B8A0F1 /* AccountView.swift */,
				4DAC11E2281AB21D00C837BC /* MatchedView.swift */,
				4D802493281D49090081427F /* CourseView.swift */,
				4D802499281E8AE10081427F /* SearchView.swift */,
				4D4B66E82821E5E2006AA723 /* SignUpView.swift */,
			);
			path = Views;
			sourceTree = "<group>";
		};
		4D901BA7280BAD7A005FEFF7 /* Components */ = {
			isa = PBXGroup;
			children = (
				4DDC0B3B280A52420090E83A /* HexagonView.swift */,
				4DDC0B3D280A58580090E83A /* BlobView.swift */,
				4D901BAA280BAFE1005FEFF7 /* FeaturedItem.swift */,
				4D802491281D47EB0081427F /* CourseItem.swift */,
			);
			path = Components;
			sourceTree = "<group>";
		};
		4D901BA8280BAD91005FEFF7 /* Model */ = {
			isa = PBXGroup;
			children = (
				4DDC0B41280B7AE60090E83A /* Tab.swift */,
				4DFC40FF2814446B00A0CF01 /* PreferenceKeys.swift */,
				4DAC11E0281AA04C00C837BC /* Course.swift */,
				4D802497281E3EAD0081427F /* Model.swift */,
				4D80249B281F4A090081427F /* Suggestion.swift */,
			);
			path = Model;
			sourceTree = "<group>";
		};
		4D901BA9280BADC8005FEFF7 /* Styles */ = {
			isa = PBXGroup;
			children = (
				4D96DD1728019A1A00B8A0F1 /* Styles.swift */,
				4DAC11DE281A9CB000C837BC /* AnimatableFontModifier.swift */,
				4D802495281E057A0081427F /* Animations.swift */,
				4DA133E928233C4D004FFE90 /* AngularButtonStyle.swift */,
			);
			path = Styles;
			sourceTree = "<group>";
		};
		4DC69CD727F6FD630012C59E = {
			isa = PBXGroup;
			children = (
				4DC69CE227F6FD630012C59E /* DesignCodeiOS15 */,
				4DC69CE127F6FD630012C59E /* Products */,
			);
			sourceTree = "<group>";
		};
		4DC69CE127F6FD630012C59E /* Products */ = {
			isa = PBXGroup;
			children = (
				4DC69CE027F6FD630012C59E /* DesignCodeiOS15.app */,
			);
			name = Products;
			sourceTree = "<group>";
		};
		4DC69CE227F6FD630012C59E /* DesignCodeiOS15 */ = {
			isa = PBXGroup;
			children = (
				4DC69CE327F6FD630012C59E /* DesignCodeiOS15App.swift */,
				4D901BA5280BAD2E005FEFF7 /* Navigation */,
				4D901BA6280BAD56005FEFF7 /* Views */,
				4D901BA7280BAD7A005FEFF7 /* Components */,
				4D901BA8280BAD91005FEFF7 /* Model */,
				4D901BA9280BADC8005FEFF7 /* Styles */,
				4DC69CE727F6FD640012C59E /* Assets.xcassets */,
				4DC69CE927F6FD640012C59E /* Preview Content */,
			);
			path = DesignCodeiOS15;
			sourceTree = "<group>";
		};
		4DC69CE927F6FD640012C59E /* Preview Content */ = {
			isa = PBXGroup;
			children = (
				4DC69CEA27F6FD640012C59E /* Preview Assets.xcassets */,
			);
			path = "Preview Content";
			sourceTree = "<group>";
		};
/* End PBXGroup section */

/* Begin PBXNativeTarget section */
		4DC69CDF27F6FD630012C59E /* DesignCodeiOS15 */ = {
			isa = PBXNativeTarget;
			buildConfigurationList = 4DC69CEE27F6FD640012C59E /* Build configuration list for PBXNativeTarget "DesignCodeiOS15" */;
			buildPhases = (
				4DC69CDC27F6FD630012C59E /* Sources */,
				4DC69CDD27F6FD630012C59E /* Frameworks */,
				4DC69CDE27F6FD630012C59E /* Resources */,
			);
			buildRules = (
			);
			dependencies = (
			);
			name = DesignCodeiOS15;
			productName = DesignCodeiOS15;
			productReference = 4DC69CE027F6FD630012C59E /* DesignCodeiOS15.app */;
			productType = "com.apple.product-type.application";
		};
/* End PBXNativeTarget section */

/* Begin PBXProject section */
		4DC69CD827F6FD630012C59E /* Project object */ = {
			isa = PBXProject;
			attributes = {
				BuildIndependentTargetsInParallel = 1;
				LastSwiftUpdateCheck = 1330;
				LastUpgradeCheck = 1330;
				TargetAttributes = {
					4DC69CDF27F6FD630012C59E = {
						CreatedOnToolsVersion = 13.3;
					};
				};
			};
			buildConfigurationList = 4DC69CDB27F6FD630012C59E /* Build configuration list for PBXProject "DesignCodeiOS15" */;
			compatibilityVersion = "Xcode 13.0";
			developmentRegion = en;
			hasScannedForEncodings = 0;
			knownRegions = (
				en,
				Base,
			);
			mainGroup = 4DC69CD727F6FD630012C59E;
			productRefGroup = 4DC69CE127F6FD630012C59E /* Products */;
			projectDirPath = "";
			projectRoot = "";
			targets = (
				4DC69CDF27F6FD630012C59E /* DesignCodeiOS15 */,
			);
		};
/* End PBXProject section */

/* Begin PBXResourcesBuildPhase section */
		4DC69CDE27F6FD630012C59E /* Resources */ = {
			isa = PBXResourcesBuildPhase;
			buildActionMask = 2147483647;
			files = (
				4DC69CEB27F6FD640012C59E /* Preview Assets.xcassets in Resources */,
				4DC69CE827F6FD640012C59E /* Assets.xcassets in Resources */,
			);
			runOnlyForDeploymentPostprocessing = 0;
		};
/* End PBXResourcesBuildPhase section */

/* Begin PBXSourcesBuildPhase section */
		4DC69CDC27F6FD630012C59E /* Sources */ = {
			isa = PBXSourcesBuildPhase;
			buildActionMask = 2147483647;
			files = (
				4D80249A281E8AE10081427F /* SearchView.swift in Sources */,
				4D901BA4280BAA9E005FEFF7 /* HomeView.swift in Sources */,
				4D96DD1A28024D8A00B8A0F1 /* AccountView.swift in Sources */,
				4D802494281D49090081427F /* CourseView.swift in Sources */,
				4D96DD1828019A1A00B8A0F1 /* Styles.swift in Sources */,
				4D80249C281F4A090081427F /* Suggestion.swift in Sources */,
				4DC69CE627F6FD630012C59E /* ContentView.swift in Sources */,
				4DAC11E3281AB21D00C837BC /* MatchedView.swift in Sources */,
				4DDC0B42280B7AE60090E83A /* Tab.swift in Sources */,
				4D901BAD280BB14F005FEFF7 /* NavigationBar.swift in Sources */,
				4DA133EA28233C4D004FFE90 /* AngularButtonStyle.swift in Sources */,
				4DDC0B3E280A58580090E83A /* BlobView.swift in Sources */,
				4DC69CE427F6FD630012C59E /* DesignCodeiOS15App.swift in Sources */,
				4DAC11E1281AA04C00C837BC /* Course.swift in Sources */,
				4DDC0B3C280A52420090E83A /* HexagonView.swift in Sources */,
				4D802492281D47EB0081427F /* CourseItem.swift in Sources */,
				4D901BAB280BAFE1005FEFF7 /* FeaturedItem.swift in Sources */,
				4D4B66E92821E5E2006AA723 /* SignUpView.swift in Sources */,
				4D802496281E057A0081427F /* Animations.swift in Sources */,
				4DFC41002814446B00A0CF01 /* PreferenceKeys.swift in Sources */,
				4D802498281E3EAD0081427F /* Model.swift in Sources */,
				4DDC0B40280B76300090E83A /* TabBar.swift in Sources */,
				4DAC11DF281A9CB000C837BC /* AnimatableFontModifier.swift in Sources */,
			);
			runOnlyForDeploymentPostprocessing = 0;
		};
/* End PBXSourcesBuildPhase section */

/* Begin XCBuildConfiguration section */
		4DC69CEC27F6FD640012C59E /* Debug */ = {
			isa = XCBuildConfiguration;
			buildSettings = {
				ALWAYS_SEARCH_USER_PATHS = NO;
				CLANG_ANALYZER_NONNULL = YES;
				CLANG_ANALYZER_NUMBER_OBJECT_CONVERSION = YES_AGGRESSIVE;
				CLANG_CXX_LANGUAGE_STANDARD = "gnu++17";
				CLANG_ENABLE_MODULES = YES;
				CLANG_ENABLE_OBJC_ARC = YES;
				CLANG_ENABLE_OBJC_WEAK = YES;
				CLANG_WARN_BLOCK_CAPTURE_AUTORELEASING = YES;
				CLANG_WARN_BOOL_CONVERSION = YES;
				CLANG_WARN_COMMA = YES;
				CLANG_WARN_CONSTANT_CONVERSION = YES;
				CLANG_WARN_DEPRECATED_OBJC_IMPLEMENTATIONS = YES;
				CLANG_WARN_DIRECT_OBJC_ISA_USAGE = YES_ERROR;
				CLANG_WARN_DOCUMENTATION_COMMENTS = YES;
				CLANG_WARN_EMPTY_BODY = YES;
				CLANG_WARN_ENUM_CONVERSION = YES;
				CLANG_WARN_INFINITE_RECURSION = YES;
				CLANG_WARN_INT_CONVERSION = YES;
				CLANG_WARN_NON_LITERAL_NULL_CONVERSION = YES;
				CLANG_WARN_OBJC_IMPLICIT_RETAIN_SELF = YES;
				CLANG_WARN_OBJC_LITERAL_CONVERSION = YES;
				CLANG_WARN_OBJC_ROOT_CLASS = YES_ERROR;
				CLANG_WARN_QUOTED_INCLUDE_IN_FRAMEWORK_HEADER = YES;
				CLANG_WARN_RANGE_LOOP_ANALYSIS = YES;
				CLANG_WARN_STRICT_PROTOTYPES = YES;
				CLANG_WARN_SUSPICIOUS_MOVE = YES;
				CLANG_WARN_UNGUARDED_AVAILABILITY = YES_AGGRESSIVE;
				CLANG_WARN_UNREACHABLE_CODE = YES;
				CLANG_WARN__DUPLICATE_METHOD_MATCH = YES;
				COPY_PHASE_STRIP = NO;
				DEBUG_INFORMATION_FORMAT = dwarf;
				ENABLE_STRICT_OBJC_MSGSEND = YES;
				ENABLE_TESTABILITY = YES;
				GCC_C_LANGUAGE_STANDARD = gnu11;
				GCC_DYNAMIC_NO_PIC = NO;
				GCC_NO_COMMON_BLOCKS = YES;
				GCC_OPTIMIZATION_LEVEL = 0;
				GCC_PREPROCESSOR_DEFINITIONS = (
					"DEBUG=1",
					"$(inherited)",
				);
				GCC_WARN_64_TO_32_BIT_CONVERSION = YES;
				GCC_WARN_ABOUT_RETURN_TYPE = YES_ERROR;
				GCC_WARN_UNDECLARED_SELECTOR = YES;
				GCC_WARN_UNINITIALIZED_AUTOS = YES_AGGRESSIVE;
				GCC_WARN_UNUSED_FUNCTION = YES;
				GCC_WARN_UNUSED_VARIABLE = YES;
				IPHONEOS_DEPLOYMENT_TARGET = 15.4;
				MTL_ENABLE_DEBUG_INFO = INCLUDE_SOURCE;
				MTL_FAST_MATH = YES;
				ONLY_ACTIVE_ARCH = YES;
				SDKROOT = iphoneos;
				SWIFT_ACTIVE_COMPILATION_CONDITIONS = DEBUG;
				SWIFT_OPTIMIZATION_LEVEL = "-Onone";
			};
			name = Debug;
		};
		4DC69CED27F6FD640012C59E /* Release */ = {
			isa = XCBuildConfiguration;
			buildSettings = {
				ALWAYS_SEARCH_USER_PATHS = NO;
				CLANG_ANALYZER_NONNULL = YES;
				CLANG_ANALYZER_NUMBER_OBJECT_CONVERSION = YES_AGGRESSIVE;
				CLANG_CXX_LANGUAGE_STANDARD = "gnu++17";
				CLANG_ENABLE_MODULES = YES;
				CLANG_ENABLE_OBJC_ARC = YES;
				CLANG_ENABLE_OBJC_WEAK = YES;
				CLANG_WARN_BLOCK_CAPTURE_AUTORELEASING = YES;
				CLANG_WARN_BOOL_CONVERSION = YES;
				CLANG_WARN_COMMA = YES;
				CLANG_WARN_CONSTANT_CONVERSION = YES;
				CLANG_WARN_DEPRECATED_OBJC_IMPLEMENTATIONS = YES;
				CLANG_WARN_DIRECT_OBJC_ISA_USAGE = YES_ERROR;
				CLANG_WARN_DOCUMENTATION_COMMENTS = YES;
				CLANG_WARN_EMPTY_BODY = YES;
				CLANG_WARN_ENUM_CONVERSION = YES;
				CLANG_WARN_INFINITE_RECURSION = YES;
				CLANG_WARN_INT_CONVERSION = YES;
				CLANG_WARN_NON_LITERAL_NULL_CONVERSION = YES;
				CLANG_WARN_OBJC_IMPLICIT_RETAIN_SELF = YES;
				CLANG_WARN_OBJC_LITERAL_CONVERSION = YES;
				CLANG_WARN_OBJC_ROOT_CLASS = YES_ERROR;
				CLANG_WARN_QUOTED_INCLUDE_IN_FRAMEWORK_HEADER = YES;
				CLANG_WARN_RANGE_LOOP_ANALYSIS = YES;
				CLANG_WARN_STRICT_PROTOTYPES = YES;
				CLANG_WARN_SUSPICIOUS_MOVE = YES;
				CLANG_WARN_UNGUARDED_AVAILABILITY = YES_AGGRESSIVE;
				CLANG_WARN_UNREACHABLE_CODE = YES;
				CLANG_WARN__DUPLICATE_METHOD_MATCH = YES;
				COPY_PHASE_STRIP = NO;
				DEBUG_INFORMATION_FORMAT = "dwarf-with-dsym";
				ENABLE_NS_ASSERTIONS = NO;
				ENABLE_STRICT_OBJC_MSGSEND = YES;
				GCC_C_LANGUAGE_STANDARD = gnu11;
				GCC_NO_COMMON_BLOCKS = YES;
				GCC_WARN_64_TO_32_BIT_CONVERSION = YES;
				GCC_WARN_ABOUT_RETURN_TYPE = YES_ERROR;
				GCC_WARN_UNDECLARED_SELECTOR = YES;
				GCC_WARN_UNINITIALIZED_AUTOS = YES_AGGRESSIVE;
				GCC_WARN_UNUSED_FUNCTION = YES;
				GCC_WARN_UNUSED_VARIABLE = YES;
				IPHONEOS_DEPLOYMENT_TARGET = 15.4;
				MTL_ENABLE_DEBUG_INFO = NO;
				MTL_FAST_MATH = YES;
				SDKROOT = iphoneos;
				SWIFT_COMPILATION_MODE = wholemodule;
				SWIFT_OPTIMIZATION_LEVEL = "-O";
				VALIDATE_PRODUCT = YES;
			};
			name = Release;
		};
		4DC69CEF27F6FD640012C59E /* Debug */ = {
			isa = XCBuildConfiguration;
			buildSettings = {
				ASSETCATALOG_COMPILER_APPICON_NAME = AppIcon;
				ASSETCATALOG_COMPILER_GLOBAL_ACCENT_COLOR_NAME = AccentColor;
				CODE_SIGN_STYLE = Automatic;
				CURRENT_PROJECT_VERSION = 1;
				DEVELOPMENT_ASSET_PATHS = "\"DesignCodeiOS15/Preview Content\"";
				DEVELOPMENT_TEAM = JAFVLB96C5;
				ENABLE_PREVIEWS = YES;
				GENERATE_INFOPLIST_FILE = YES;
				INFOPLIST_KEY_UIApplicationSceneManifest_Generation = YES;
				INFOPLIST_KEY_UIApplicationSupportsIndirectInputEvents = YES;
				INFOPLIST_KEY_UILaunchScreen_Generation = YES;
				INFOPLIST_KEY_UISupportedInterfaceOrientations_iPad = "UIInterfaceOrientationPortrait UIInterfaceOrientationPortraitUpsideDown UIInterfaceOrientationLandscapeLeft UIInterfaceOrientationLandscapeRight";
				INFOPLIST_KEY_UISupportedInterfaceOrientations_iPhone = "UIInterfaceOrientationPortrait UIInterfaceOrientationLandscapeLeft UIInterfaceOrientationLandscapeRight";
				LD_RUNPATH_SEARCH_PATHS = (
					"$(inherited)",
					"@executable_path/Frameworks",
				);
				MARKETING_VERSION = 0.1;
				PRODUCT_BUNDLE_IDENTIFIER = io.roughgears.learn.designcode.ios15.DesignCodeiOS15;
				PRODUCT_NAME = DesignCodeiOS15;
				SWIFT_EMIT_LOC_STRINGS = YES;
				SWIFT_VERSION = 5.0;
				TARGETED_DEVICE_FAMILY = "1,2";
			};
			name = Debug;
		};
		4DC69CF027F6FD640012C59E /* Release */ = {
			isa = XCBuildConfiguration;
			buildSettings = {
				ASSETCATALOG_COMPILER_APPICON_NAME = AppIcon;
				ASSETCATALOG_COMPILER_GLOBAL_ACCENT_COLOR_NAME = AccentColor;
				CODE_SIGN_STYLE = Automatic;
				CURRENT_PROJECT_VERSION = 1;
				DEVELOPMENT_ASSET_PATHS = "\"DesignCodeiOS15/Preview Content\"";
				DEVELOPMENT_TEAM = JAFVLB96C5;
				ENABLE_PREVIEWS = YES;
				GENERATE_INFOPLIST_FILE = YES;
				INFOPLIST_KEY_UIApplicationSceneManifest_Generation = YES;
				INFOPLIST_KEY_UIApplicationSupportsIndirectInputEvents = YES;
				INFOPLIST_KEY_UILaunchScreen_Generation = YES;
				INFOPLIST_KEY_UISupportedInterfaceOrientations_iPad = "UIInterfaceOrientationPortrait UIInterfaceOrientationPortraitUpsideDown UIInterfaceOrientationLandscapeLeft UIInterfaceOrientationLandscapeRight";
				INFOPLIST_KEY_UISupportedInterfaceOrientations_iPhone = "UIInterfaceOrientationPortrait UIInterfaceOrientationLandscapeLeft UIInterfaceOrientationLandscapeRight";
				LD_RUNPATH_SEARCH_PATHS = (
					"$(inherited)",
					"@executable_path/Frameworks",
				);
				MARKETING_VERSION = 0.1;
				PRODUCT_BUNDLE_IDENTIFIER = io.roughgears.learn.designcode.ios15.DesignCodeiOS15;
				PRODUCT_NAME = DesignCodeiOS15;
				SWIFT_EMIT_LOC_STRINGS = YES;
				SWIFT_VERSION = 5.0;
				TARGETED_DEVICE_FAMILY = "1,2";
			};
			name = Release;
		};
/* End XCBuildConfiguration section */

/* Begin XCConfigurationList section */
		4DC69CDB27F6FD630012C59E /* Build configuration list for PBXProject "DesignCodeiOS15" */ = {
			isa = XCConfigurationList;
			buildConfigurations = (
				4DC69CEC27F6FD640012C59E /* Debug */,
				4DC69CED27F6FD640012C59E /* Release */,
			);
			defaultConfigurationIsVisible = 0;
			defaultConfigurationName = Release;
		};
		4DC69CEE27F6FD640012C59E /* Build configuration list for PBXNativeTarget "DesignCodeiOS15" */ = {
			isa = XCConfigurationList;
			buildConfigurations = (
				4DC69CEF27F6FD640012C59E /* Debug */,
				4DC69CF027F6FD640012C59E /* Release */,
			);
			defaultConfigurationIsVisible = 0;
			defaultConfigurationName = Release;
		};
/* End XCConfigurationList section */
	};
	rootObject = 4DC69CD827F6FD630012C59E /* Project object */;
}
